proj_file_hash = "b08735dd9be94ef00ae6e20b47b8df2b"

[[dependencies]]
name = "minilib-xml"
version = "0.5.1"
path = ".fixlang/deps/minilib-xml_0.5.1"

[dependencies.git]
repo = "https://github.com/pt9999/fixlang-minilib-xml.git"
rev = "ee1f999949e0a70e4abd70466a3e72b08aec3822"

[[dependencies]]
name = "minilib-binary"
version = "0.5.1"
path = ".fixlang/deps/minilib-binary_0.5.1"

[dependencies.git]
repo = "https://github.com/pt9999/fixlang-minilib-binary.git"
rev = "d920c72f6db5f2cc1fe3f78c29ca6d9152c887f7"

[[dependencies]]
name = "minilib-common"
version = "0.6.0"
path = ".fixlang/deps/minilib-common_0.6.0"

[dependencies.git]
repo = "https://github.com/pt9999/fixlang-minilib-common.git"
rev = "95079f8eabbb13ef8ce472a319ca22d242ffb481"

[[dependencies]]
name = "character"
version = "1.0.1"
path = ".fixlang/deps/character_1.0.1"

[dependencies.git]
repo = "https://github.com/tttmmmyyyy/fixlang-character.git"
rev = "fd75a6634ec0c919f2d1703112d25da9a3c2346e"

[[dependencies]]
name = "time"
version = "1.0.1"
path = ".fixlang/deps/time_1.0.1"

[dependencies.git]
repo = "https://github.com/tttmmmyyyy/fixlang-time.git"
rev = "53b35d9adc0de54ad87fe6b06c4baa6afa38a2b4"

[[dependencies]]
name = "minilib-text"
version = "0.5.2"
path = ".fixlang/deps/minilib-text_0.5.2"

[dependencies.git]
repo = "https://github.com/pt9999/fixlang-minilib-text.git"
rev = "cd510cb3c4be3e3cc7d7e405649aabe4d8aed2a2"

[[dependencies]]
name = "math"
version = "1.1.2"
path = ".fixlang/deps/math_1.1.2"

[dependencies.git]
repo = "https://github.com/tttmmmyyyy/fixlang-math.git"
rev = "bac9ade9118530115eda0a302ade1bb0d6bd928b"

[[dependencies]]
name = "minilib-media"
version = "0.5.1"
path = ".fixlang/deps/minilib-media_0.5.1"

[dependencies.git]
repo = "https://github.com/pt9999/fixlang-minilib-media.git"
rev = "c179600f27c737f936a3633a537960cf4e525917"

[[dependencies]]
name = "minilib-io"
version = "0.6.0"
path = ".fixlang/deps/minilib-io_0.6.0"

[dependencies.git]
repo = "https://github.com/pt9999/fixlang-minilib-io.git"
rev = "6a7d2dcb2b98e516b9ee038c1029911c61b2c21c"

[[dependencies]]
name = "hashmap"
version = "1.1.2"
path = ".fixlang/deps/hashmap_1.1.2"

[dependencies.git]
repo = "https://github.com/tttmmmyyyy/fixlang-hashmap.git"
rev = "33da33ecb5d95d45c29feaeee5dea454fecc89b9"

[[dependencies]]
name = "hash"
version = "1.0.1"
path = ".fixlang/deps/hash_1.0.1"

[dependencies.git]
repo = "https://github.com/tttmmmyyyy/fixlang-hash.git"
rev = "abff072996c8c62d0c130201126b67f1e2dad405"

[[dependencies]]
name = "asynctask"
version = "1.1.1"
path = ".fixlang/deps/asynctask_1.1.1"

[dependencies.git]
repo = "https://github.com/tttmmmyyyy/fixlang-asynctask.git"
rev = "3503235c2dc926d2ae2a937a338752b28ef6770f"
