proj_file_hash = "b08735dd9be94ef00ae6e20b47b8df2b"

[[dependencies]]
name = "minilib-common"
version = "0.1.1"
path = ".fixlang/deps/minilib-common_0.1.1"

[dependencies.git]
repo = "https://github.com/pt9999/fixlang-minilib-common.git"
rev = "22df68b00c2e058e6868ec44b41a34d76d9242df"

[[dependencies]]
name = "character"
version = "0.1.1"
path = ".fixlang/deps/character_0.1.1"

[dependencies.git]
repo = "https://github.com/tttmmmyyyy/fixlang-character.git"
rev = "c72c2ca5c8052e21200633dea1fff53c945d8799"

[[dependencies]]
name = "time"
version = "0.2.4"
path = ".fixlang/deps/time_0.2.4"

[dependencies.git]
repo = "https://github.com/tttmmmyyyy/fixlang-time.git"
rev = "e64401e0c48c8fe7777e9ad2ecea76dd0a02848b"

[[dependencies]]
name = "random"
version = "0.1.1"
path = ".fixlang/deps/random_0.1.1"

[dependencies.git]
repo = "https://github.com/tttmmmyyyy/fixlang-random.git"
rev = "b77979767813d7cabff93e36c7516a8f8f8e90de"

[[dependencies]]
name = "minilib-media"
version = "0.1.1"
path = ".fixlang/deps/minilib-media_0.1.1"

[dependencies.git]
repo = "https://github.com/pt9999/fixlang-minilib-media.git"
rev = "c29f51de7686992e71c695dffd285b59cc2fd0a4"

[[dependencies]]
name = "minilib-io"
version = "0.1.1"
path = ".fixlang/deps/minilib-io_0.1.1"

[dependencies.git]
repo = "https://github.com/pt9999/fixlang-minilib-io.git"
rev = "0973134abf7b35dc66784856fbf973bb703ad38d"

[[dependencies]]
name = "minilib-binary"
version = "0.1.0"
path = ".fixlang/deps/minilib-binary_0.1.0"

[dependencies.git]
repo = "https://github.com/pt9999/fixlang-minilib-binary.git"
rev = "c06e65578f427e29b408d7463065b940ed54642d"

[[dependencies]]
name = "minilib-collection"
version = "0.1.0"
path = ".fixlang/deps/minilib-collection_0.1.0"

[dependencies.git]
repo = "https://github.com/pt9999/fixlang-minilib-collection.git"
rev = "e694d2457bdd767c1e104499799f85f32b281142"

[[dependencies]]
name = "hashmap"
version = "0.1.1"
path = ".fixlang/deps/hashmap_0.1.1"

[dependencies.git]
repo = "https://github.com/tttmmmyyyy/fixlang-hashmap.git"
rev = "6d15089dd991ed2f4175104364c43297c73456fc"

[[dependencies]]
name = "hash"
version = "0.1.0"
path = ".fixlang/deps/hash_0.1.0"

[dependencies.git]
repo = "https://github.com/tttmmmyyyy/fixlang-hash.git"
rev = "0e05f132ebc9420759a789fcd9e1afa739769c39"

[[dependencies]]
name = "asynctask"
version = "0.2.9"
path = ".fixlang/deps/asynctask_0.2.9"

[dependencies.git]
repo = "https://github.com/tttmmmyyyy/fixlang-asynctask.git"
rev = "794fcee3ad0413737b4259f8404a5bc6c7755aa1"

[[dependencies]]
name = "minilib-xml"
version = "0.1.0"
path = ".fixlang/deps/minilib-xml_0.1.0"

[dependencies.git]
repo = "https://github.com/pt9999/fixlang-minilib-xml.git"
rev = "70ba9453bd8c4a8d0abf1651e0516bb58b4c12f5"

[[dependencies]]
name = "minilib-text"
version = "0.1.0"
path = ".fixlang/deps/minilib-text_0.1.0"

[dependencies.git]
repo = "https://github.com/pt9999/fixlang-minilib-text.git"
rev = "9fd6aa5af7a93539266e21c846afec913241fd35"

[[dependencies]]
name = "math"
version = "0.1.2"
path = ".fixlang/deps/math_0.1.2"

[dependencies.git]
repo = "https://github.com/tttmmmyyyy/fixlang-math.git"
rev = "ea7ee41420c8531786d20ccb6ca93f23b0a828c9"
