proj_file_hash = "7736956eb9b25e674f28889c6d8f6150"

[[dependencies]]
name = "minilib-common"
version = "0.1.1"
path = ".fixlang/deps/minilib-common_0.1.1"

[dependencies.git]
repo = "https://github.com/pt9999/fixlang-minilib-common.git"
rev = "22df68b00c2e058e6868ec44b41a34d76d9242df"

[[dependencies]]
name = "character"
version = "0.1.1"
path = ".fixlang/deps/character_0.1.1"

[dependencies.git]
repo = "https://github.com/tttmmmyyyy/fixlang-character.git"
rev = "c72c2ca5c8052e21200633dea1fff53c945d8799"

[[dependencies]]
name = "time"
version = "0.2.4"
path = ".fixlang/deps/time_0.2.4"

[dependencies.git]
repo = "https://github.com/tttmmmyyyy/fixlang-time.git"
rev = "e64401e0c48c8fe7777e9ad2ecea76dd0a02848b"

[[dependencies]]
name = "random"
version = "0.1.1"
path = ".fixlang/deps/random_0.1.1"

[dependencies.git]
repo = "https://github.com/tttmmmyyyy/fixlang-random.git"
rev = "b77979767813d7cabff93e36c7516a8f8f8e90de"

[[dependencies]]
name = "asynctask"
version = "0.2.9"
path = ".fixlang/deps/asynctask_0.2.9"

[dependencies.git]
repo = "https://github.com/tttmmmyyyy/fixlang-asynctask.git"
rev = "794fcee3ad0413737b4259f8404a5bc6c7755aa1"
