proj_file_hash = "7736956eb9b25e674f28889c6d8f6150"

[[dependencies]]
name = "asynctask"
version = "1.0.0"
path = ".fixlang/deps/asynctask_1.0.0"

[dependencies.git]
repo = "https://github.com/tttmmmyyyy/fixlang-asynctask.git"
rev = "6b36519aade839ecb28ec236bc4cabe37416f398"

[[dependencies]]
name = "minilib-common"
version = "0.3.0"
path = ".fixlang/deps/minilib-common_0.3.0"

[dependencies.git]
repo = "https://github.com/pt9999/fixlang-minilib-common.git"
rev = "e9ab46a77d52cc5f6177c6dbe0fed8ebfa5ac73d"

[[dependencies]]
name = "character"
version = "1.0.0"
path = ".fixlang/deps/character_1.0.0"

[dependencies.git]
repo = "https://github.com/tttmmmyyyy/fixlang-character.git"
rev = "13e128d2b87a729c4e73d986994a5cedcf3e8f49"

[[dependencies]]
name = "time"
version = "1.0.0"
path = ".fixlang/deps/time_1.0.0"

[dependencies.git]
repo = "https://github.com/tttmmmyyyy/fixlang-time.git"
rev = "0df92cf1c3ffc148d658c1a554c94105aef13520"
