proj_file_hash = "7736956eb9b25e674f28889c6d8f6150"

[[dependencies]]
name = "asynctask"
version = "1.1.0"
path = ".fixlang/deps/asynctask_1.1.0"

[dependencies.git]
repo = "https://github.com/tttmmmyyyy/fixlang-asynctask.git"
rev = "2ee460fbeee6ef4988cd4c78f8ca67512a8fb13c"

[[dependencies]]
name = "minilib-common"
version = "0.5.1"
path = ".fixlang/deps/minilib-common_0.5.1"

[dependencies.git]
repo = "https://github.com/pt9999/fixlang-minilib-common.git"
rev = "bf6232ee8b374b2565810d7103b83f9a408d036d"

[[dependencies]]
name = "character"
version = "1.0.0"
path = ".fixlang/deps/character_1.0.0"

[dependencies.git]
repo = "https://github.com/tttmmmyyyy/fixlang-character.git"
rev = "13e128d2b87a729c4e73d986994a5cedcf3e8f49"

[[dependencies]]
name = "time"
version = "1.0.0"
path = ".fixlang/deps/time_1.0.0"

[dependencies.git]
repo = "https://github.com/tttmmmyyyy/fixlang-time.git"
rev = "0df92cf1c3ffc148d658c1a554c94105aef13520"
