proj_file_hash = "edc90be0da140c86eeda5275d5dbcfb1"

[[dependencies]]
name = "subprocess"
version = "1.0.0"
path = ".fixlang/deps/subprocess_1.0.0"

[dependencies.git]
repo = "https://github.com/tttmmmyyyy/fixlang-subprocess.git"
rev = "d953054463c6d3f26c49f3820a77c03f4c9d8737"

[[dependencies]]
name = "minilib-io"
version = "0.3.3"
path = ".fixlang/deps/minilib-io_0.3.3"

[dependencies.git]
repo = "https://github.com/pt9999/fixlang-minilib-io.git"
rev = "92554271dbcc15f9d3054f442ddd0806591f6040"

[[dependencies]]
name = "minilib-binary"
version = "0.1.6"
path = ".fixlang/deps/minilib-binary_0.1.6"

[dependencies.git]
repo = "https://github.com/pt9999/fixlang-minilib-binary.git"
rev = "86ec8949cd8fc6eaeb7008d722d061f466892383"

[[dependencies]]
name = "minilib-common"
version = "0.3.0"
path = ".fixlang/deps/minilib-common_0.3.0"

[dependencies.git]
repo = "https://github.com/pt9999/fixlang-minilib-common.git"
rev = "e9ab46a77d52cc5f6177c6dbe0fed8ebfa5ac73d"

[[dependencies]]
name = "character"
version = "1.0.0"
path = ".fixlang/deps/character_1.0.0"

[dependencies.git]
repo = "https://github.com/tttmmmyyyy/fixlang-character.git"
rev = "13e128d2b87a729c4e73d986994a5cedcf3e8f49"

[[dependencies]]
name = "time"
version = "1.0.0"
path = ".fixlang/deps/time_1.0.0"

[dependencies.git]
repo = "https://github.com/tttmmmyyyy/fixlang-time.git"
rev = "0df92cf1c3ffc148d658c1a554c94105aef13520"

[[dependencies]]
name = "hashmap"
version = "1.0.0"
path = ".fixlang/deps/hashmap_1.0.0"

[dependencies.git]
repo = "https://github.com/tttmmmyyyy/fixlang-hashmap.git"
rev = "57b578c24738d6a5d19bb60a1705edec321485ff"

[[dependencies]]
name = "hash"
version = "1.0.0"
path = ".fixlang/deps/hash_1.0.0"

[dependencies.git]
repo = "https://github.com/tttmmmyyyy/fixlang-hash.git"
rev = "4b2f01c2d7309447fe7cd68a8d105ae86e2bde97"

[[dependencies]]
name = "asynctask"
version = "1.0.0"
path = ".fixlang/deps/asynctask_1.0.0"

[dependencies.git]
repo = "https://github.com/tttmmmyyyy/fixlang-asynctask.git"
rev = "6b36519aade839ecb28ec236bc4cabe37416f398"
