proj_file_hash = "0156e6686ac6f266d950263290f3ddd7"

[[dependencies]]
name = "character"
version = "1.0.1"
path = ".fixlang/deps/character_1.0.1"

[dependencies.git]
repo = "https://github.com/tttmmmyyyy/fixlang-character.git"
rev = "fd75a6634ec0c919f2d1703112d25da9a3c2346e"

[[dependencies]]
name = "minilib-binary"
version = "0.6.1"
path = ".fixlang/deps/minilib-binary_0.6.1"

[dependencies.git]
repo = "https://github.com/pt9999/fixlang-minilib-binary.git"
rev = "34535107f07cd15ebc99e9b8377433988d692ea9"

[[dependencies]]
name = "minilib-common"
version = "0.12.4"
path = ".fixlang/deps/minilib-common_0.12.4"

[dependencies.git]
repo = "https://github.com/pt9999/fixlang-minilib-common.git"
rev = "a7e6aa2778fd6678e51f454b59aca90f0bb0898c"

[[dependencies]]
name = "minilib-io"
version = "0.8.2"
path = ".fixlang/deps/minilib-io_0.8.2"

[dependencies.git]
repo = "https://github.com/pt9999/fixlang-minilib-io.git"
rev = "7cf8f1289dda17059cd488a6eac44f5a749643f5"

[[dependencies]]
name = "minilib-monad"
version = "0.11.2"
path = ".fixlang/deps/minilib-monad_0.11.2"

[dependencies.git]
repo = "https://github.com/pt9999/fixlang-minilib-monad.git"
rev = "e4932f3ca2cebcf68a3f9bfb0e340e6ca29dbdf5"

[[dependencies]]
name = "minilib-text"
version = "0.9.0"
path = ".fixlang/deps/minilib-text_0.9.0"

[dependencies.git]
repo = "https://github.com/pt9999/fixlang-minilib-text.git"
rev = "41ea19e7a4eb27385a44bf989c114d286474f5f6"

[[dependencies]]
name = "time"
version = "1.0.2"
path = ".fixlang/deps/time_1.0.2"

[dependencies.git]
repo = "https://github.com/tttmmmyyyy/fixlang-time.git"
rev = "7af8a5c115e7437f94dcb4353807c03d816856f6"
