proj_file_hash = "9dfbbd0456fe0970c1005b729129b04c"

[[dependencies]]
name = "minilib-io"
version = "0.5.0"
path = ".fixlang/deps/minilib-io_0.5.0"

[dependencies.git]
repo = "https://github.com/pt9999/fixlang-minilib-io.git"
rev = "12e69a2dd8d5057b9f3a719df93d7b8dd7bbe7ce"

[[dependencies]]
name = "hashmap"
version = "1.1.0"
path = ".fixlang/deps/hashmap_1.1.0"

[dependencies.git]
repo = "https://github.com/tttmmmyyyy/fixlang-hashmap.git"
rev = "81232c21ce00faa3061575ee8fb5adede8a26d4d"

[[dependencies]]
name = "hash"
version = "1.0.0"
path = ".fixlang/deps/hash_1.0.0"

[dependencies.git]
repo = "https://github.com/tttmmmyyyy/fixlang-hash.git"
rev = "4b2f01c2d7309447fe7cd68a8d105ae86e2bde97"

[[dependencies]]
name = "asynctask"
version = "1.1.0"
path = ".fixlang/deps/asynctask_1.1.0"

[dependencies.git]
repo = "https://github.com/tttmmmyyyy/fixlang-asynctask.git"
rev = "2ee460fbeee6ef4988cd4c78f8ca67512a8fb13c"

[[dependencies]]
name = "time"
version = "1.0.0"
path = ".fixlang/deps/time_1.0.0"

[dependencies.git]
repo = "https://github.com/tttmmmyyyy/fixlang-time.git"
rev = "0df92cf1c3ffc148d658c1a554c94105aef13520"

[[dependencies]]
name = "minilib-binary"
version = "0.5.0"
path = ".fixlang/deps/minilib-binary_0.5.0"

[dependencies.git]
repo = "https://github.com/pt9999/fixlang-minilib-binary.git"
rev = "69663901ea16ae38dbb79300d060c9328bcb5142"

[[dependencies]]
name = "minilib-common"
version = "0.5.1"
path = ".fixlang/deps/minilib-common_0.5.1"

[dependencies.git]
repo = "https://github.com/pt9999/fixlang-minilib-common.git"
rev = "bf6232ee8b374b2565810d7103b83f9a408d036d"

[[dependencies]]
name = "character"
version = "1.0.0"
path = ".fixlang/deps/character_1.0.0"

[dependencies.git]
repo = "https://github.com/tttmmmyyyy/fixlang-character.git"
rev = "13e128d2b87a729c4e73d986994a5cedcf3e8f49"

[[dependencies]]
name = "minilib-monad"
version = "0.5.0"
path = ".fixlang/deps/minilib-monad_0.5.0"

[dependencies.git]
repo = "https://github.com/pt9999/fixlang-minilib-monad.git"
rev = "014061616e64ea317795b5e48e274da8d172cd40"
