proj_file_hash = "9dfbbd0456fe0970c1005b729129b04c"

[[dependencies]]
name = "minilib-io"
version = "0.3.4"
path = ".fixlang/deps/minilib-io_0.3.4"

[dependencies.git]
repo = "https://github.com/pt9999/fixlang-minilib-io.git"
rev = "5080567a0283ace062ab1bd6473057b1a7b94bb6"

[[dependencies]]
name = "hashmap"
version = "1.0.0"
path = ".fixlang/deps/hashmap_1.0.0"

[dependencies.git]
repo = "https://github.com/tttmmmyyyy/fixlang-hashmap.git"
rev = "57b578c24738d6a5d19bb60a1705edec321485ff"

[[dependencies]]
name = "hash"
version = "1.0.0"
path = ".fixlang/deps/hash_1.0.0"

[dependencies.git]
repo = "https://github.com/tttmmmyyyy/fixlang-hash.git"
rev = "4b2f01c2d7309447fe7cd68a8d105ae86e2bde97"

[[dependencies]]
name = "asynctask"
version = "1.0.0"
path = ".fixlang/deps/asynctask_1.0.0"

[dependencies.git]
repo = "https://github.com/tttmmmyyyy/fixlang-asynctask.git"
rev = "6b36519aade839ecb28ec236bc4cabe37416f398"

[[dependencies]]
name = "minilib-binary"
version = "0.1.7"
path = ".fixlang/deps/minilib-binary_0.1.7"

[dependencies.git]
repo = "https://github.com/pt9999/fixlang-minilib-binary.git"
rev = "c39190c6444373ecef9784a548f791425e3e951b"

[[dependencies]]
name = "minilib-common"
version = "0.3.2"
path = ".fixlang/deps/minilib-common_0.3.2"

[dependencies.git]
repo = "https://github.com/pt9999/fixlang-minilib-common.git"
rev = "5b94a4b20e210f77df9320759bf780a034a0f4f6"

[[dependencies]]
name = "character"
version = "1.0.0"
path = ".fixlang/deps/character_1.0.0"

[dependencies.git]
repo = "https://github.com/tttmmmyyyy/fixlang-character.git"
rev = "13e128d2b87a729c4e73d986994a5cedcf3e8f49"

[[dependencies]]
name = "time"
version = "1.0.0"
path = ".fixlang/deps/time_1.0.0"

[dependencies.git]
repo = "https://github.com/tttmmmyyyy/fixlang-time.git"
rev = "0df92cf1c3ffc148d658c1a554c94105aef13520"

[[dependencies]]
name = "minilib-monad"
version = "0.3.3"
path = ".fixlang/deps/minilib-monad_0.3.3"

[dependencies.git]
repo = "https://github.com/pt9999/fixlang-minilib-monad.git"
rev = "c4fdad9671e4fa81eeb1bf14dedad062efc41e33"
