proj_file_hash = "978e06ea4aa45b4ba6bc8ad4b9100d9e"

[[dependencies]]
name = "minilib-common"
version = "0.1.0"
path = "../../fixlang-minilib-common"

[[dependencies]]
name = "character"
version = "0.1.0"
path = ".fixlang/deps/character_0.1.0"

[dependencies.git]
repo = "https://github.com/tttmmmyyyy/fixlang-character.git"
rev = "b52fdfe8f6c0d4470e90da0ff0c83d4ffa06b38e"

[[dependencies]]
name = "time"
version = "0.1.0"
path = ".fixlang/deps/time_0.1.0"

[dependencies.git]
repo = "https://github.com/tttmmmyyyy/fixlang-time.git"
rev = "0e290ebe9a23838298243e72b09e181ff9a99386"

[[dependencies]]
name = "random"
version = "0.1.0"
path = ".fixlang/deps/random_0.1.0"

[dependencies.git]
repo = "https://github.com/tttmmmyyyy/fixlang-random.git"
rev = "757b0f69fc5d508cc4a1b2dea524160f8e666eb9"

[[dependencies]]
name = "minilib-app"
version = "0.1.0"
path = "../../fixlang-minilib-app"

[[dependencies]]
name = "hashmap"
version = "0.1.0"
path = ".fixlang/deps/hashmap_0.1.0"

[dependencies.git]
repo = "https://github.com/tttmmmyyyy/fixlang-hashmap.git"
rev = "4d72be1c1c033b69409a1665fdbd7cebbd08d4cf"

[[dependencies]]
name = "hash"
version = "0.1.0"
path = ".fixlang/deps/hash_0.1.0"

[dependencies.git]
repo = "https://github.com/tttmmmyyyy/fixlang-hash.git"
rev = "0e05f132ebc9420759a789fcd9e1afa739769c39"

[[dependencies]]
name = "minilib-math"
version = "0.1.0"
path = "../../fixlang-minilib-math"

[[dependencies]]
name = "minilib-binary"
version = "0.1.0"
path = "../../fixlang-minilib-math/../fixlang-minilib-binary"

[[dependencies]]
name = "minilib-thread"
version = "0.1.0"
path = "../../fixlang-minilib-math/../fixlang-minilib-thread"

[[dependencies]]
name = "minilib-io"
version = "0.1.0"
path = "../../fixlang-minilib-math/../fixlang-minilib-thread/../fixlang-minilib-io"

[[dependencies]]
name = "minilib-collection"
version = "0.1.0"
path = "../../fixlang-minilib-math/../fixlang-minilib-thread/../fixlang-minilib-io/../fixlang-minilib-collection"

[[dependencies]]
name = "asynctask"
version = "0.1.0"
path = ".fixlang/deps/asynctask_0.1.0"

[dependencies.git]
repo = "https://github.com/tttmmmyyyy/fixlang-asynctask.git"
rev = "ae1d8a09e732ab10562358fff851b303d5520604"

[[dependencies]]
name = "math"
version = "0.1.1"
path = ".fixlang/deps/math_0.1.1"

[dependencies.git]
repo = "https://github.com/tttmmmyyyy/fixlang-math.git"
rev = "42ee39682607797bbc25d7521846b708a62507b0"
