proj_file_hash = "53978cd51245ab676aabd71152ec62eb"

[[dependencies]]
name = "minilib-common"
version = "0.6.0"
path = ".fixlang/deps/minilib-common_0.6.0"

[dependencies.git]
repo = "https://github.com/pt9999/fixlang-minilib-common.git"
rev = "95079f8eabbb13ef8ce472a319ca22d242ffb481"

[[dependencies]]
name = "character"
version = "1.0.1"
path = ".fixlang/deps/character_1.0.1"

[dependencies.git]
repo = "https://github.com/tttmmmyyyy/fixlang-character.git"
rev = "fd75a6634ec0c919f2d1703112d25da9a3c2346e"

[[dependencies]]
name = "time"
version = "1.0.1"
path = ".fixlang/deps/time_1.0.1"

[dependencies.git]
repo = "https://github.com/tttmmmyyyy/fixlang-time.git"
rev = "53b35d9adc0de54ad87fe6b06c4baa6afa38a2b4"
