proj_file_hash = "33843a1822dda780bf3e70dcf4f5d2ab"

[[dependencies]]
name = "minilib-binary"
version = "0.5.5"
path = ".fixlang/deps/minilib-binary_0.5.5"

[dependencies.git]
repo = "https://github.com/pt9999/fixlang-minilib-binary.git"
rev = "7d21c3827c575cd2aba0b32d7e3f31c29dbe4c1b"

[[dependencies]]
name = "minilib-common"
version = "0.10.1"
path = ".fixlang/deps/minilib-common_0.10.1"

[dependencies.git]
repo = "https://github.com/pt9999/fixlang-minilib-common.git"
rev = "17ef4a75fa902244938bf2783b0e6018b87e1df8"

[[dependencies]]
name = "character"
version = "1.0.1"
path = ".fixlang/deps/character_1.0.1"

[dependencies.git]
repo = "https://github.com/tttmmmyyyy/fixlang-character.git"
rev = "fd75a6634ec0c919f2d1703112d25da9a3c2346e"

[[dependencies]]
name = "time"
version = "1.0.2"
path = ".fixlang/deps/time_1.0.2"

[dependencies.git]
repo = "https://github.com/tttmmmyyyy/fixlang-time.git"
rev = "7af8a5c115e7437f94dcb4353807c03d816856f6"

[[dependencies]]
name = "minilib-text"
version = "0.7.1"
path = ".fixlang/deps/minilib-text_0.7.1"

[dependencies.git]
repo = "https://github.com/pt9999/fixlang-minilib-text.git"
rev = "108519dc11a3f70a2133070899963713f2709d78"
