proj_file_hash = "8bb77c0f8fb8598de45d7d3d6cafc505"

[[dependencies]]
name = "minilib-monad"
version = "0.7.4"
path = ".fixlang/deps/minilib-monad_0.7.4"

[dependencies.git]
repo = "https://github.com/pt9999/fixlang-minilib-monad.git"
rev = "29606f0d52bf97b7b5017bcfa7d7e85b37dd8919"

[[dependencies]]
name = "minilib-common"
version = "0.7.3"
path = ".fixlang/deps/minilib-common_0.7.3"

[dependencies.git]
repo = "https://github.com/pt9999/fixlang-minilib-common.git"
rev = "cb4eadaa81f8fd4bb3cf011ccbb214d77db84a89"

[[dependencies]]
name = "character"
version = "1.0.1"
path = ".fixlang/deps/character_1.0.1"

[dependencies.git]
repo = "https://github.com/tttmmmyyyy/fixlang-character.git"
rev = "fd75a6634ec0c919f2d1703112d25da9a3c2346e"

[[dependencies]]
name = "time"
version = "1.0.2"
path = ".fixlang/deps/time_1.0.2"

[dependencies.git]
repo = "https://github.com/tttmmmyyyy/fixlang-time.git"
rev = "7af8a5c115e7437f94dcb4353807c03d816856f6"

[[dependencies]]
name = "asynctask"
version = "1.1.4"
path = ".fixlang/deps/asynctask_1.1.4"

[dependencies.git]
repo = "https://github.com/tttmmmyyyy/fixlang-asynctask.git"
rev = "b9ea025db98fce8ebb2b05623320b2404c9f3879"
