proj_file_hash = "06c758616e4e4cd213f01e7278a102ab"

[[dependencies]]
name = "subprocess"
version = "1.0.0"
path = ".fixlang/deps/subprocess_1.0.0"

[dependencies.git]
repo = "https://github.com/tttmmmyyyy/fixlang-subprocess.git"
rev = "d953054463c6d3f26c49f3820a77c03f4c9d8737"

[[dependencies]]
name = "hashmap"
version = "1.1.0"
path = ".fixlang/deps/hashmap_1.1.0"

[dependencies.git]
repo = "https://github.com/tttmmmyyyy/fixlang-hashmap.git"
rev = "81232c21ce00faa3061575ee8fb5adede8a26d4d"

[[dependencies]]
name = "hash"
version = "1.0.0"
path = ".fixlang/deps/hash_1.0.0"

[dependencies.git]
repo = "https://github.com/tttmmmyyyy/fixlang-hash.git"
rev = "4b2f01c2d7309447fe7cd68a8d105ae86e2bde97"

[[dependencies]]
name = "random"
version = "1.1.0"
path = ".fixlang/deps/random_1.1.0"

[dependencies.git]
repo = "https://github.com/tttmmmyyyy/fixlang-random.git"
rev = "41add2d293c7c712146c8e7a605501e4f483b8cd"

[[dependencies]]
name = "asynctask"
version = "1.1.0"
path = ".fixlang/deps/asynctask_1.1.0"

[dependencies.git]
repo = "https://github.com/tttmmmyyyy/fixlang-asynctask.git"
rev = "2ee460fbeee6ef4988cd4c78f8ca67512a8fb13c"

[[dependencies]]
name = "minilib-binary"
version = "0.5.0"
path = ".fixlang/deps/minilib-binary_0.5.0"

[dependencies.git]
repo = "https://github.com/pt9999/fixlang-minilib-binary.git"
rev = "69663901ea16ae38dbb79300d060c9328bcb5142"

[[dependencies]]
name = "minilib-common"
version = "0.5.1"
path = ".fixlang/deps/minilib-common_0.5.1"

[dependencies.git]
repo = "https://github.com/pt9999/fixlang-minilib-common.git"
rev = "bf6232ee8b374b2565810d7103b83f9a408d036d"

[[dependencies]]
name = "character"
version = "1.0.0"
path = ".fixlang/deps/character_1.0.0"

[dependencies.git]
repo = "https://github.com/tttmmmyyyy/fixlang-character.git"
rev = "13e128d2b87a729c4e73d986994a5cedcf3e8f49"

[[dependencies]]
name = "time"
version = "1.0.0"
path = ".fixlang/deps/time_1.0.0"

[dependencies.git]
repo = "https://github.com/tttmmmyyyy/fixlang-time.git"
rev = "0df92cf1c3ffc148d658c1a554c94105aef13520"

[[dependencies]]
name = "minilib-text"
version = "0.5.1"
path = ".fixlang/deps/minilib-text_0.5.1"

[dependencies.git]
repo = "https://github.com/pt9999/fixlang-minilib-text.git"
rev = "61995451643e7e4bb32dbf24d3d7caf41094c746"

[[dependencies]]
name = "minilib-thread"
version = "0.5.0"
path = ".fixlang/deps/minilib-thread_0.5.0"

[dependencies.git]
repo = "https://github.com/pt9999/fixlang-minilib-thread.git"
rev = "5d7ce60003905ff39bf52d4de070be54021ac2bd"

[[dependencies]]
name = "minilib-collection"
version = "0.5.0"
path = ".fixlang/deps/minilib-collection_0.5.0"

[dependencies.git]
repo = "https://github.com/pt9999/fixlang-minilib-collection.git"
rev = "ef21df762f90ddd0e0d28d8e3bce97d9722f2661"

[[dependencies]]
name = "minilib-io"
version = "0.5.0"
path = ".fixlang/deps/minilib-io_0.5.0"

[dependencies.git]
repo = "https://github.com/pt9999/fixlang-minilib-io.git"
rev = "12e69a2dd8d5057b9f3a719df93d7b8dd7bbe7ce"

[[dependencies]]
name = "minilib-app"
version = "0.5.0"
path = ".fixlang/deps/minilib-app_0.5.0"

[dependencies.git]
repo = "https://github.com/pt9999/fixlang-minilib-app.git"
rev = "9edea71dae05ae4286323d42cc9c7dfeea966448"

[[dependencies]]
name = "minilib-crypto"
version = "0.5.0"
path = ".fixlang/deps/minilib-crypto_0.5.0"

[dependencies.git]
repo = "https://github.com/pt9999/fixlang-minilib-crypto.git"
rev = "8bb1767cef3c82f79c66cdebcff8633263db480f"

[[dependencies]]
name = "minilib-random"
version = "0.5.0"
path = ".fixlang/deps/minilib-random_0.5.0"

[dependencies.git]
repo = "https://github.com/pt9999/fixlang-minilib-random.git"
rev = "a5ea8df848adefa6257d835ec24618b7cd4436ff"

[[dependencies]]
name = "minilib-monad"
version = "0.5.0"
path = ".fixlang/deps/minilib-monad_0.5.0"

[dependencies.git]
repo = "https://github.com/pt9999/fixlang-minilib-monad.git"
rev = "014061616e64ea317795b5e48e274da8d172cd40"

[[dependencies]]
name = "minilib-net"
version = "0.5.0"
path = ".fixlang/deps/minilib-net_0.5.0"

[dependencies.git]
repo = "https://github.com/pt9999/fixlang-minilib-net.git"
rev = "692e3558d1ae254018a7d5c2ac80225d8e4210b8"

[[dependencies]]
name = "minilib-xml"
version = "0.5.0"
path = ".fixlang/deps/minilib-xml_0.5.0"

[dependencies.git]
repo = "https://github.com/pt9999/fixlang-minilib-xml.git"
rev = "f05e537c0e65de101813c8494a322a3ac4243b54"

[[dependencies]]
name = "minilib-math"
version = "0.5.0"
path = ".fixlang/deps/minilib-math_0.5.0"

[dependencies.git]
repo = "https://github.com/pt9999/fixlang-minilib-math.git"
rev = "1b626eddc69b1a296a61eead9375aa02580277d4"

[[dependencies]]
name = "math"
version = "1.0.0"
path = ".fixlang/deps/math_1.0.0"

[dependencies.git]
repo = "https://github.com/tttmmmyyyy/fixlang-math.git"
rev = "6b1c3810d49d0291c2a800f783be38138cf4381d"
