proj_file_hash = "c3b8b880a3fb8355500b22311887d0be"

[[dependencies]]
name = "asynctask"
version = "1.1.5"
path = ".fixlang/deps/asynctask_1.1.5"

[dependencies.git]
repo = "https://github.com/tttmmmyyyy/fixlang-asynctask.git"
rev = "a18fb87a2e47cc19cf263a4311704e88880dc2c8"

[[dependencies]]
name = "character"
version = "1.0.1"
path = ".fixlang/deps/character_1.0.1"

[dependencies.git]
repo = "https://github.com/tttmmmyyyy/fixlang-character.git"
rev = "fd75a6634ec0c919f2d1703112d25da9a3c2346e"

[[dependencies]]
name = "hash"
version = "1.1.1"
path = ".fixlang/deps/hash_1.1.1"

[dependencies.git]
repo = "https://github.com/tttmmmyyyy/fixlang-hash.git"
rev = "145a20913eb9c280edd616d5b9977d33303343c1"

[[dependencies]]
name = "hashmap"
version = "2.0.0"
path = ".fixlang/deps/hashmap_2.0.0"

[dependencies.git]
repo = "https://github.com/tttmmmyyyy/fixlang-hashmap.git"
rev = "26bcb6c7cb66cc39b4f2604e1c94aa7730e03a9e"

[[dependencies]]
name = "math"
version = "1.2.1"
path = ".fixlang/deps/math_1.2.1"

[dependencies.git]
repo = "https://github.com/tttmmmyyyy/fixlang-math.git"
rev = "f02f1493b1ac5563edded5ef36c8f7f82e512584"

[[dependencies]]
name = "minilib-app"
version = "0.6.1"
path = ".fixlang/deps/minilib-app_0.6.1"

[dependencies.git]
repo = "https://github.com/pt9999/fixlang-minilib-app.git"
rev = "2791ec50d0ad3a94d3819f3d2958e677621ccca1"

[[dependencies]]
name = "minilib-binary"
version = "0.6.1"
path = ".fixlang/deps/minilib-binary_0.6.1"

[dependencies.git]
repo = "https://github.com/pt9999/fixlang-minilib-binary.git"
rev = "34535107f07cd15ebc99e9b8377433988d692ea9"

[[dependencies]]
name = "minilib-common"
version = "0.12.4"
path = ".fixlang/deps/minilib-common_0.12.4"

[dependencies.git]
repo = "https://github.com/pt9999/fixlang-minilib-common.git"
rev = "a7e6aa2778fd6678e51f454b59aca90f0bb0898c"

[[dependencies]]
name = "minilib-crypto"
version = "0.6.1"
path = ".fixlang/deps/minilib-crypto_0.6.1"

[dependencies.git]
repo = "https://github.com/pt9999/fixlang-minilib-crypto.git"
rev = "ce0b02c89d1797bdf48013e05b9d74a2c5f6a8de"

[[dependencies]]
name = "minilib-io"
version = "0.8.2"
path = ".fixlang/deps/minilib-io_0.8.2"

[dependencies.git]
repo = "https://github.com/pt9999/fixlang-minilib-io.git"
rev = "7cf8f1289dda17059cd488a6eac44f5a749643f5"

[[dependencies]]
name = "minilib-math"
version = "0.7.2"
path = ".fixlang/deps/minilib-math_0.7.2"

[dependencies.git]
repo = "https://github.com/pt9999/fixlang-minilib-math.git"
rev = "d1fd246923940e3d815b6cfdf88bbbbfa4b7dec6"

[[dependencies]]
name = "minilib-monad"
version = "0.11.2"
path = ".fixlang/deps/minilib-monad_0.11.2"

[dependencies.git]
repo = "https://github.com/pt9999/fixlang-minilib-monad.git"
rev = "e4932f3ca2cebcf68a3f9bfb0e340e6ca29dbdf5"

[[dependencies]]
name = "minilib-net"
version = "0.6.7"
path = ".fixlang/deps/minilib-net_0.6.7"

[dependencies.git]
repo = "https://github.com/pt9999/fixlang-minilib-net.git"
rev = "7005fe96cbe7ad3b165ca8ba0571b12b339f23a6"

[[dependencies]]
name = "minilib-random"
version = "0.7.1"
path = ".fixlang/deps/minilib-random_0.7.1"

[dependencies.git]
repo = "https://github.com/pt9999/fixlang-minilib-random.git"
rev = "787beeb2bc880c82a1a9f3b0ae4781a6854552f4"

[[dependencies]]
name = "minilib-text"
version = "0.9.1"
path = ".fixlang/deps/minilib-text_0.9.1"

[dependencies.git]
repo = "https://github.com/pt9999/fixlang-minilib-text.git"
rev = "bd547b1457804778e1a3147416b2a56e5d90e933"

[[dependencies]]
name = "minilib-thread"
version = "0.7.0"
path = ".fixlang/deps/minilib-thread_0.7.0"

[dependencies.git]
repo = "https://github.com/pt9999/fixlang-minilib-thread.git"
rev = "1417503d81a89ad252d02046b7af0e8bbd279fa7"

[[dependencies]]
name = "minilib-xml"
version = "0.6.1"
path = ".fixlang/deps/minilib-xml_0.6.1"

[dependencies.git]
repo = "https://github.com/pt9999/fixlang-minilib-xml.git"
rev = "48f876ba490f2055f7c96c5ff6bca7f82df92643"

[[dependencies]]
name = "random"
version = "1.1.1"
path = ".fixlang/deps/random_1.1.1"

[dependencies.git]
repo = "https://github.com/tttmmmyyyy/fixlang-random.git"
rev = "b4f83ee48564e714c0918513dd431f9135493dce"

[[dependencies]]
name = "ring-buffer"
version = "0.1.1"
path = ".fixlang/deps/ring-buffer_0.1.1"

[dependencies.git]
repo = "https://github.com/tttmmmyyyy/ring-buffer.git"
rev = "78e543ca1eb24737659c47fa1253f0f4e92994bf"

[[dependencies]]
name = "subprocess"
version = "1.0.7"
path = ".fixlang/deps/subprocess_1.0.7"

[dependencies.git]
repo = "https://github.com/tttmmmyyyy/fixlang-subprocess.git"
rev = "68f84481b864abdbe01a5964e1f798dc44d9dfa5"

[[dependencies]]
name = "time"
version = "1.0.2"
path = ".fixlang/deps/time_1.0.2"

[dependencies.git]
repo = "https://github.com/tttmmmyyyy/fixlang-time.git"
rev = "7af8a5c115e7437f94dcb4353807c03d816856f6"
