proj_file_hash = "c3b8b880a3fb8355500b22311887d0be"

[[dependencies]]
name = "asynctask"
version = "2.0.0"
path = ".fixlang/deps/asynctask_2.0.0"

[dependencies.git]
repo = "https://github.com/tttmmmyyyy/fixlang-asynctask.git"
rev = "9f3f6fb70c5c41719ac37251ef5b68d6b94854d7"

[[dependencies]]
name = "character"
version = "1.0.1"
path = ".fixlang/deps/character_1.0.1"

[dependencies.git]
repo = "https://github.com/tttmmmyyyy/fixlang-character.git"
rev = "fd75a6634ec0c919f2d1703112d25da9a3c2346e"

[[dependencies]]
name = "hash"
version = "1.1.2"
path = ".fixlang/deps/hash_1.1.2"

[dependencies.git]
repo = "https://github.com/tttmmmyyyy/fixlang-hash.git"
rev = "dbf95379b6ee7b26ec4858116f24c0251467cb83"

[[dependencies]]
name = "hashmap"
version = "2.0.1"
path = ".fixlang/deps/hashmap_2.0.1"

[dependencies.git]
repo = "https://github.com/tttmmmyyyy/fixlang-hashmap.git"
rev = "103595c593e92849be0b23df5cfee254da274a3e"

[[dependencies]]
name = "math"
version = "2.0.0"
path = ".fixlang/deps/math_2.0.0"

[dependencies.git]
repo = "https://github.com/tttmmmyyyy/fixlang-math.git"
rev = "803bfafbc3bdc23f2f9636ad7830a74345ff99bf"

[[dependencies]]
name = "minilib-app"
version = "0.8.0"
path = ".fixlang/deps/minilib-app_0.8.0"

[dependencies.git]
repo = "https://github.com/pt9999/fixlang-minilib-app.git"
rev = "a67b9b7667e7c177755266da65adef856f29cc72"

[[dependencies]]
name = "minilib-binary"
version = "0.7.0"
path = ".fixlang/deps/minilib-binary_0.7.0"

[dependencies.git]
repo = "https://github.com/pt9999/fixlang-minilib-binary.git"
rev = "05ed746868a10f77c2af3433a0eb11886003db38"

[[dependencies]]
name = "minilib-common"
version = "0.14.0"
path = ".fixlang/deps/minilib-common_0.14.0"

[dependencies.git]
repo = "https://github.com/pt9999/fixlang-minilib-common.git"
rev = "f29b872b8eca13fc5f30abfac94b4ef3a9a590d7"

[[dependencies]]
name = "minilib-crypto"
version = "0.7.0"
path = ".fixlang/deps/minilib-crypto_0.7.0"

[dependencies.git]
repo = "https://github.com/pt9999/fixlang-minilib-crypto.git"
rev = "39c1805d81555e407cc13abb609bcfb9083f9f7c"

[[dependencies]]
name = "minilib-io"
version = "0.9.0"
path = ".fixlang/deps/minilib-io_0.9.0"

[dependencies.git]
repo = "https://github.com/pt9999/fixlang-minilib-io.git"
rev = "9a65dbf7b2f24caef8ba6f4ea4ba5f42caf77bfe"

[[dependencies]]
name = "minilib-math"
version = "0.9.0"
path = ".fixlang/deps/minilib-math_0.9.0"

[dependencies.git]
repo = "https://github.com/pt9999/fixlang-minilib-math.git"
rev = "27eab094428e5b63ee582142cf3f4d547242c210"

[[dependencies]]
name = "minilib-monad"
version = "0.12.0"
path = ".fixlang/deps/minilib-monad_0.12.0"

[dependencies.git]
repo = "https://github.com/pt9999/fixlang-minilib-monad.git"
rev = "eff112986d44bbe003dc3693e239927c525d8a27"

[[dependencies]]
name = "minilib-net"
version = "0.8.0"
path = ".fixlang/deps/minilib-net_0.8.0"

[dependencies.git]
repo = "https://github.com/pt9999/fixlang-minilib-net.git"
rev = "665dbd4c9429fcd1b3dc126651d5aa4d13c1cde1"

[[dependencies]]
name = "minilib-random"
version = "0.8.0"
path = ".fixlang/deps/minilib-random_0.8.0"

[dependencies.git]
repo = "https://github.com/pt9999/fixlang-minilib-random.git"
rev = "c4ebebf80c5e26c0de1d335831879de42703f8a1"

[[dependencies]]
name = "minilib-text"
version = "0.10.0"
path = ".fixlang/deps/minilib-text_0.10.0"

[dependencies.git]
repo = "https://github.com/pt9999/fixlang-minilib-text.git"
rev = "7d1493b006867b55ea5372b77281fe978f0a93db"

[[dependencies]]
name = "minilib-thread"
version = "0.8.0"
path = ".fixlang/deps/minilib-thread_0.8.0"

[dependencies.git]
repo = "https://github.com/pt9999/fixlang-minilib-thread.git"
rev = "3684690ffcf456bf47440533dd7b48fa64a6cce5"

[[dependencies]]
name = "minilib-xml"
version = "0.7.0"
path = ".fixlang/deps/minilib-xml_0.7.0"

[dependencies.git]
repo = "https://github.com/pt9999/fixlang-minilib-xml.git"
rev = "aa0c8825de5cf5f259dfb2bbb28011e8c3d9f355"

[[dependencies]]
name = "random"
version = "1.1.2"
path = ".fixlang/deps/random_1.1.2"

[dependencies.git]
repo = "https://github.com/tttmmmyyyy/fixlang-random.git"
rev = "af8b2ea3f4fb783d86119d1a2504a12d8f2be2c1"

[[dependencies]]
name = "ring-buffer"
version = "0.1.2"
path = ".fixlang/deps/ring-buffer_0.1.2"

[dependencies.git]
repo = "https://github.com/tttmmmyyyy/ring-buffer.git"
rev = "fa520558c0ae040eff99896a743a0e2820748c5e"

[[dependencies]]
name = "subprocess"
version = "2.0.0"
path = ".fixlang/deps/subprocess_2.0.0"

[dependencies.git]
repo = "https://github.com/tttmmmyyyy/fixlang-subprocess.git"
rev = "b610e67529defe6fdd8adf8f7d420667d6e40b64"

[[dependencies]]
name = "time"
version = "2.0.0"
path = ".fixlang/deps/time_2.0.0"

[dependencies.git]
repo = "https://github.com/tttmmmyyyy/fixlang-time.git"
rev = "bcf93dd61eb167e3ffe64ca9ca83ac2aea06587e"
