proj_file_hash = "aa82a21fdcbbab3396a611bd3cf76a99"

[[dependencies]]
name = "minilib-common"
version = "0.1.5"
path = ".fixlang/deps/minilib-common_0.1.5"

[dependencies.git]
repo = "https://github.com/pt9999/fixlang-minilib-common.git"
rev = "6828c6fb49511640162a672d55730bf6c93a32e8"

[[dependencies]]
name = "character"
version = "1.0.0"
path = ".fixlang/deps/character_1.0.0"

[dependencies.git]
repo = "https://github.com/tttmmmyyyy/fixlang-character.git"
rev = "13e128d2b87a729c4e73d986994a5cedcf3e8f49"

[[dependencies]]
name = "time"
version = "1.0.0"
path = ".fixlang/deps/time_1.0.0"

[dependencies.git]
repo = "https://github.com/tttmmmyyyy/fixlang-time.git"
rev = "0df92cf1c3ffc148d658c1a554c94105aef13520"

[[dependencies]]
name = "random"
version = "1.0.0"
path = ".fixlang/deps/random_1.0.0"

[dependencies.git]
repo = "https://github.com/tttmmmyyyy/fixlang-random.git"
rev = "b802af50726199a6dc815bef1cc64075cd4cbd2d"

[[dependencies]]
name = "hashmap"
version = "1.0.0"
path = ".fixlang/deps/hashmap_1.0.0"

[dependencies.git]
repo = "https://github.com/tttmmmyyyy/fixlang-hashmap.git"
rev = "57b578c24738d6a5d19bb60a1705edec321485ff"

[[dependencies]]
name = "hash"
version = "1.0.0"
path = ".fixlang/deps/hash_1.0.0"

[dependencies.git]
repo = "https://github.com/tttmmmyyyy/fixlang-hash.git"
rev = "4b2f01c2d7309447fe7cd68a8d105ae86e2bde97"

[[dependencies]]
name = "minilib-monad"
version = "0.1.5"
path = ".fixlang/deps/minilib-monad_0.1.5"

[dependencies.git]
repo = "https://github.com/pt9999/fixlang-minilib-monad.git"
rev = "85ff77ac217a18f2a20682f8f31814696b5278ca"

[[dependencies]]
name = "minilib-crypto"
version = "0.1.5"
path = ".fixlang/deps/minilib-crypto_0.1.5"

[dependencies.git]
repo = "https://github.com/pt9999/fixlang-minilib-crypto.git"
rev = "4e5837db1a580c5b5259c56089d10bbb4f7ab83e"

[[dependencies]]
name = "minilib-binary"
version = "0.1.5"
path = ".fixlang/deps/minilib-binary_0.1.5"

[dependencies.git]
repo = "https://github.com/pt9999/fixlang-minilib-binary.git"
rev = "a71138c2b1663f8aeba60c92b1f746a301443aad"

[[dependencies]]
name = "minilib-math"
version = "0.1.5"
path = ".fixlang/deps/minilib-math_0.1.5"

[dependencies.git]
repo = "https://github.com/pt9999/fixlang-minilib-math.git"
rev = "ace8156d91198bc11dbfbc47c016fdeb73a2d6be"

[[dependencies]]
name = "math"
version = "1.0.0"
path = ".fixlang/deps/math_1.0.0"

[dependencies.git]
repo = "https://github.com/tttmmmyyyy/fixlang-math.git"
rev = "6b1c3810d49d0291c2a800f783be38138cf4381d"

[[dependencies]]
name = "minilib-text"
version = "0.1.4"
path = ".fixlang/deps/minilib-text_0.1.4"

[dependencies.git]
repo = "https://github.com/pt9999/fixlang-minilib-text.git"
rev = "438e214426e173f60cbd5d2608ba12d04607e834"

[[dependencies]]
name = "minilib-thread"
version = "0.2.0"
path = ".fixlang/deps/minilib-thread_0.2.0"

[dependencies.git]
repo = "https://github.com/pt9999/fixlang-minilib-thread.git"
rev = "3c7719383d0c6a5f1c146cee57aea1e0221e1a46"

[[dependencies]]
name = "minilib-collection"
version = "0.1.4"
path = ".fixlang/deps/minilib-collection_0.1.4"

[dependencies.git]
repo = "https://github.com/pt9999/fixlang-minilib-collection.git"
rev = "02e54ad8c98c21978ea4eee03468ea5326a22b9f"

[[dependencies]]
name = "minilib-io"
version = "0.3.0"
path = ".fixlang/deps/minilib-io_0.3.0"

[dependencies.git]
repo = "https://github.com/pt9999/fixlang-minilib-io.git"
rev = "b5f1fc1913e464946f5d4f8918a09d2ad23c70c0"

[[dependencies]]
name = "asynctask"
version = "1.0.0"
path = ".fixlang/deps/asynctask_1.0.0"

[dependencies.git]
repo = "https://github.com/tttmmmyyyy/fixlang-asynctask.git"
rev = "6b36519aade839ecb28ec236bc4cabe37416f398"

[[dependencies]]
name = "minilib-app"
version = "0.1.4"
path = ".fixlang/deps/minilib-app_0.1.4"

[dependencies.git]
repo = "https://github.com/pt9999/fixlang-minilib-app.git"
rev = "e09ea249ff2015d1452d4a54698ce36d9fe0f347"

[[dependencies]]
name = "minilib-net"
version = "0.2.1"
path = ".fixlang/deps/minilib-net_0.2.1"

[dependencies.git]
repo = "https://github.com/pt9999/fixlang-minilib-net.git"
rev = "cdf13c57a6d8213acbb4140999f30d998d5e15ea"

[[dependencies]]
name = "minilib-xml"
version = "0.1.4"
path = ".fixlang/deps/minilib-xml_0.1.4"

[dependencies.git]
repo = "https://github.com/pt9999/fixlang-minilib-xml.git"
rev = "da5fce33e2091576ad43f9d7e0cc56c2b2a41f17"
