proj_file_hash = "06c758616e4e4cd213f01e7278a102ab"

[[dependencies]]
name = "hashmap"
version = "1.1.2"
path = ".fixlang/deps/hashmap_1.1.2"

[dependencies.git]
repo = "https://github.com/tttmmmyyyy/fixlang-hashmap.git"
rev = "33da33ecb5d95d45c29feaeee5dea454fecc89b9"

[[dependencies]]
name = "hash"
version = "1.0.1"
path = ".fixlang/deps/hash_1.0.1"

[dependencies.git]
repo = "https://github.com/tttmmmyyyy/fixlang-hash.git"
rev = "abff072996c8c62d0c130201126b67f1e2dad405"

[[dependencies]]
name = "random"
version = "1.1.1"
path = ".fixlang/deps/random_1.1.1"

[dependencies.git]
repo = "https://github.com/tttmmmyyyy/fixlang-random.git"
rev = "b4f83ee48564e714c0918513dd431f9135493dce"

[[dependencies]]
name = "asynctask"
version = "1.1.1"
path = ".fixlang/deps/asynctask_1.1.1"

[dependencies.git]
repo = "https://github.com/tttmmmyyyy/fixlang-asynctask.git"
rev = "3503235c2dc926d2ae2a937a338752b28ef6770f"

[[dependencies]]
name = "minilib-binary"
version = "0.5.1"
path = ".fixlang/deps/minilib-binary_0.5.1"

[dependencies.git]
repo = "https://github.com/pt9999/fixlang-minilib-binary.git"
rev = "d920c72f6db5f2cc1fe3f78c29ca6d9152c887f7"

[[dependencies]]
name = "minilib-common"
version = "0.6.0"
path = ".fixlang/deps/minilib-common_0.6.0"

[dependencies.git]
repo = "https://github.com/pt9999/fixlang-minilib-common.git"
rev = "95079f8eabbb13ef8ce472a319ca22d242ffb481"

[[dependencies]]
name = "character"
version = "1.0.1"
path = ".fixlang/deps/character_1.0.1"

[dependencies.git]
repo = "https://github.com/tttmmmyyyy/fixlang-character.git"
rev = "fd75a6634ec0c919f2d1703112d25da9a3c2346e"

[[dependencies]]
name = "time"
version = "1.0.1"
path = ".fixlang/deps/time_1.0.1"

[dependencies.git]
repo = "https://github.com/tttmmmyyyy/fixlang-time.git"
rev = "53b35d9adc0de54ad87fe6b06c4baa6afa38a2b4"

[[dependencies]]
name = "subprocess"
version = "1.0.4"
path = ".fixlang/deps/subprocess_1.0.4"

[dependencies.git]
repo = "https://github.com/tttmmmyyyy/fixlang-subprocess.git"
rev = "96553be52581a3e747b5822549d389622f9ae246"

[[dependencies]]
name = "minilib-text"
version = "0.5.2"
path = ".fixlang/deps/minilib-text_0.5.2"

[dependencies.git]
repo = "https://github.com/pt9999/fixlang-minilib-text.git"
rev = "cd510cb3c4be3e3cc7d7e405649aabe4d8aed2a2"

[[dependencies]]
name = "minilib-thread"
version = "0.5.1"
path = ".fixlang/deps/minilib-thread_0.5.1"

[dependencies.git]
repo = "https://github.com/pt9999/fixlang-minilib-thread.git"
rev = "b6ab371dce950d683c68050351d18b38ad4c197f"

[[dependencies]]
name = "minilib-collection"
version = "0.5.1"
path = ".fixlang/deps/minilib-collection_0.5.1"

[dependencies.git]
repo = "https://github.com/pt9999/fixlang-minilib-collection.git"
rev = "84dae9ea01f9c67107cf8c7f1d67be1afeb69881"

[[dependencies]]
name = "minilib-io"
version = "0.6.0"
path = ".fixlang/deps/minilib-io_0.6.0"

[dependencies.git]
repo = "https://github.com/pt9999/fixlang-minilib-io.git"
rev = "6a7d2dcb2b98e516b9ee038c1029911c61b2c21c"

[[dependencies]]
name = "minilib-app"
version = "0.5.1"
path = ".fixlang/deps/minilib-app_0.5.1"

[dependencies.git]
repo = "https://github.com/pt9999/fixlang-minilib-app.git"
rev = "675dae30acbe528fe00e4d6e29f6222c4b0bf1c5"

[[dependencies]]
name = "minilib-crypto"
version = "0.5.1"
path = ".fixlang/deps/minilib-crypto_0.5.1"

[dependencies.git]
repo = "https://github.com/pt9999/fixlang-minilib-crypto.git"
rev = "241c7403ed3d4451aee980c50b53d10688e80946"

[[dependencies]]
name = "minilib-random"
version = "0.5.2"
path = ".fixlang/deps/minilib-random_0.5.2"

[dependencies.git]
repo = "https://github.com/pt9999/fixlang-minilib-random.git"
rev = "8f34c7afb15b09c70505c91ae9dcd36ee4bc2b24"

[[dependencies]]
name = "minilib-monad"
version = "0.5.1"
path = ".fixlang/deps/minilib-monad_0.5.1"

[dependencies.git]
repo = "https://github.com/pt9999/fixlang-minilib-monad.git"
rev = "b1273c8551d8830787f4057b28853bbb7b64977d"

[[dependencies]]
name = "minilib-net"
version = "0.5.2"
path = ".fixlang/deps/minilib-net_0.5.2"

[dependencies.git]
repo = "https://github.com/pt9999/fixlang-minilib-net.git"
rev = "5725937d1736905530cda031abea562400df4e56"

[[dependencies]]
name = "minilib-xml"
version = "0.5.1"
path = ".fixlang/deps/minilib-xml_0.5.1"

[dependencies.git]
repo = "https://github.com/pt9999/fixlang-minilib-xml.git"
rev = "ee1f999949e0a70e4abd70466a3e72b08aec3822"

[[dependencies]]
name = "minilib-math"
version = "0.5.1"
path = ".fixlang/deps/minilib-math_0.5.1"

[dependencies.git]
repo = "https://github.com/pt9999/fixlang-minilib-math.git"
rev = "078a799cad6248e0c2626efeb53a26df69730218"

[[dependencies]]
name = "math"
version = "1.1.2"
path = ".fixlang/deps/math_1.1.2"

[dependencies.git]
repo = "https://github.com/tttmmmyyyy/fixlang-math.git"
rev = "bac9ade9118530115eda0a302ade1bb0d6bd928b"
