proj_file_hash = "8457a2277e97cedb10f5860bb85ac4ca"

[[dependencies]]
name = "character"
version = "1.0.1"
path = ".fixlang/deps/character_1.0.1"

[dependencies.git]
repo = "https://github.com/tttmmmyyyy/fixlang-character.git"
rev = "fd75a6634ec0c919f2d1703112d25da9a3c2346e"

[[dependencies]]
name = "math"
version = "1.2.1"
path = ".fixlang/deps/math_1.2.1"

[dependencies.git]
repo = "https://github.com/tttmmmyyyy/fixlang-math.git"
rev = "f02f1493b1ac5563edded5ef36c8f7f82e512584"

[[dependencies]]
name = "minilib-binary"
version = "0.6.4"
path = ".fixlang/deps/minilib-binary_0.6.4"

[dependencies.git]
repo = "https://github.com/pt9999/fixlang-minilib-binary.git"
rev = "3f4db9b7d323246b16648459efddda05db9e426a"

[[dependencies]]
name = "minilib-common"
version = "0.13.3"
path = ".fixlang/deps/minilib-common_0.13.3"

[dependencies.git]
repo = "https://github.com/pt9999/fixlang-minilib-common.git"
rev = "3de246b7bb012d8794d451a0490a0ffd4f667e1d"

[[dependencies]]
name = "minilib-math"
version = "0.8.0"
path = ".fixlang/deps/minilib-math_0.8.0"

[dependencies.git]
repo = "https://github.com/pt9999/fixlang-minilib-math.git"
rev = "5e820d986c01e501cc4da167c9b499b6970cffa5"

[[dependencies]]
name = "minilib-monad"
version = "0.11.5"
path = ".fixlang/deps/minilib-monad_0.11.5"

[dependencies.git]
repo = "https://github.com/pt9999/fixlang-minilib-monad.git"
rev = "15d4f78afdfb16889a54b895a9545a2e24e01678"

[[dependencies]]
name = "minilib-random"
version = "0.7.4"
path = ".fixlang/deps/minilib-random_0.7.4"

[dependencies.git]
repo = "https://github.com/pt9999/fixlang-minilib-random.git"
rev = "58bf7ba3bfb687cc55f1ed55328ee737e7c60a03"

[[dependencies]]
name = "random"
version = "1.1.2"
path = ".fixlang/deps/random_1.1.2"

[dependencies.git]
repo = "https://github.com/tttmmmyyyy/fixlang-random.git"
rev = "af8b2ea3f4fb783d86119d1a2504a12d8f2be2c1"

[[dependencies]]
name = "time"
version = "1.1.0"
path = ".fixlang/deps/time_1.1.0"

[dependencies.git]
repo = "https://github.com/tttmmmyyyy/fixlang-time.git"
rev = "e9548828dd4926db00b1b0c3d387eaff60a5451d"
