proj_file_hash = "e2842f561129bfb7bca7beeb152052a4"

[[dependencies]]
name = "minilib-text"
version = "0.6.1"
path = ".fixlang/deps/minilib-text_0.6.1"

[dependencies.git]
repo = "https://github.com/pt9999/fixlang-minilib-text.git"
rev = "cb21142d4eb55a2bdfc8ae65c0dba3b5aeaef30b"

[[dependencies]]
name = "minilib-common"
version = "0.9.0"
path = ".fixlang/deps/minilib-common_0.9.0"

[dependencies.git]
repo = "https://github.com/pt9999/fixlang-minilib-common.git"
rev = "8c56f86f6e9889a13327c562f75c16358517427f"

[[dependencies]]
name = "character"
version = "1.0.1"
path = ".fixlang/deps/character_1.0.1"

[dependencies.git]
repo = "https://github.com/tttmmmyyyy/fixlang-character.git"
rev = "fd75a6634ec0c919f2d1703112d25da9a3c2346e"

[[dependencies]]
name = "time"
version = "1.0.2"
path = ".fixlang/deps/time_1.0.2"

[dependencies.git]
repo = "https://github.com/tttmmmyyyy/fixlang-time.git"
rev = "7af8a5c115e7437f94dcb4353807c03d816856f6"
