proj_file_hash = "e2e7a4336456fb66e2baf9063e3c11dd"

[[dependencies]]
name = "character"
version = "1.0.1"
path = ".fixlang/deps/character_1.0.1"

[dependencies.git]
repo = "https://github.com/tttmmmyyyy/fixlang-character.git"
rev = "fd75a6634ec0c919f2d1703112d25da9a3c2346e"

[[dependencies]]
name = "minilib-common"
version = "0.12.1"
path = ".fixlang/deps/minilib-common_0.12.1"

[dependencies.git]
repo = "https://github.com/pt9999/fixlang-minilib-common.git"
rev = "3132a3c407961446cebae3a8ef789c1b72d5c5ac"

[[dependencies]]
name = "minilib-comonad"
version = "0.6.0"
path = ".fixlang/deps/minilib-comonad_0.6.0"

[dependencies.git]
repo = "https://github.com/pt9999/fixlang-minilib-comonad.git"
rev = "644b0c6653648f448c428ac78b18df09e3b3f133"

[[dependencies]]
name = "minilib-monad"
version = "0.11.0"
path = ".fixlang/deps/minilib-monad_0.11.0"

[dependencies.git]
repo = "https://github.com/pt9999/fixlang-minilib-monad.git"
rev = "83d2ef1abe65fd1be87b50d8c7fa00ba5c574a53"

[[dependencies]]
name = "time"
version = "1.0.2"
path = ".fixlang/deps/time_1.0.2"

[dependencies.git]
repo = "https://github.com/tttmmmyyyy/fixlang-time.git"
rev = "7af8a5c115e7437f94dcb4353807c03d816856f6"
