proj_file_hash = "45dd0fc2d259c1c051d681f05523c25e"

[[dependencies]]
name = "minilib-common"
version = "0.1.0"
path = "../fixlang-minilib-common"

[[dependencies]]
name = "character"
version = "0.1.1"
path = ".fixlang/deps/character_0.1.1"

[dependencies.git]
repo = "https://github.com/tttmmmyyyy/fixlang-character.git"
rev = "1246b12007cbbb808ec3888a52e96ef762efbe52"

[[dependencies]]
name = "time"
version = "0.2.1"
path = ".fixlang/deps/time_0.2.1"

[dependencies.git]
repo = "https://github.com/tttmmmyyyy/fixlang-time.git"
rev = "4c24189d9827d56de6e7f86dc84201de06bc1908"

[[dependencies]]
name = "random"
version = "0.1.1"
path = ".fixlang/deps/random_0.1.1"

[dependencies.git]
repo = "https://github.com/tttmmmyyyy/fixlang-random.git"
rev = "3fd362bddf4592fef854a2b700836e17c1f5b30b"

[[dependencies]]
name = "minilib-io"
version = "0.1.0"
path = "../fixlang-minilib-io"

[[dependencies]]
name = "minilib-binary"
version = "0.1.0"
path = "../fixlang-minilib-io/../fixlang-minilib-binary"

[[dependencies]]
name = "minilib-collection"
version = "0.1.0"
path = "../fixlang-minilib-io/../fixlang-minilib-collection"

[[dependencies]]
name = "hashmap"
version = "0.1.1"
path = ".fixlang/deps/hashmap_0.1.1"

[dependencies.git]
repo = "https://github.com/tttmmmyyyy/fixlang-hashmap.git"
rev = "50e401d24a4a70e4c1296df1f34f52addb7666ff"

[[dependencies]]
name = "hash"
version = "0.1.0"
path = ".fixlang/deps/hash_0.1.0"

[dependencies.git]
repo = "https://github.com/tttmmmyyyy/fixlang-hash.git"
rev = "0e05f132ebc9420759a789fcd9e1afa739769c39"

[[dependencies]]
name = "asynctask"
version = "0.2.4"
path = ".fixlang/deps/asynctask_0.2.4"

[dependencies.git]
repo = "https://github.com/tttmmmyyyy/fixlang-asynctask.git"
rev = "78580c9f6a100023b1892129a1b4b683d2514073"

[[dependencies]]
name = "minilib-xml"
version = "0.1.0"
path = "../fixlang-minilib-xml"

[[dependencies]]
name = "minilib-text"
version = "0.1.0"
path = "../fixlang-minilib-xml/../fixlang-minilib-text"
