proj_file_hash = "b964ae7d5dfc9267f277ccb185a16473"

[[dependencies]]
name = "minilib-math"
version = "0.1.1"
path = ".fixlang/deps/minilib-math_0.1.1"

[dependencies.git]
repo = "https://github.com/pt9999/fixlang-minilib-math.git"
rev = "277a23181fca097b11501b0632de4fbd02f38e5e"

[[dependencies]]
name = "minilib-common"
version = "0.1.1"
path = ".fixlang/deps/minilib-common_0.1.1"

[dependencies.git]
repo = "https://github.com/pt9999/fixlang-minilib-common.git"
rev = "10f1ac77347f1adb5c1cdaeec62983590b148642"

[[dependencies]]
name = "character"
version = "0.1.1"
path = ".fixlang/deps/character_0.1.1"

[dependencies.git]
repo = "https://github.com/tttmmmyyyy/fixlang-character.git"
rev = "c72c2ca5c8052e21200633dea1fff53c945d8799"

[[dependencies]]
name = "time"
version = "0.2.4"
path = ".fixlang/deps/time_0.2.4"

[dependencies.git]
repo = "https://github.com/tttmmmyyyy/fixlang-time.git"
rev = "e64401e0c48c8fe7777e9ad2ecea76dd0a02848b"

[[dependencies]]
name = "random"
version = "0.1.1"
path = ".fixlang/deps/random_0.1.1"

[dependencies.git]
repo = "https://github.com/tttmmmyyyy/fixlang-random.git"
rev = "b77979767813d7cabff93e36c7516a8f8f8e90de"

[[dependencies]]
name = "minilib-binary"
version = "0.1.0"
path = ".fixlang/deps/minilib-binary_0.1.0"

[dependencies.git]
repo = "https://github.com/pt9999/fixlang-minilib-binary.git"
rev = "c90539164913541cba9bfead57b416853e74e103"

[[dependencies]]
name = "math"
version = "0.1.2"
path = ".fixlang/deps/math_0.1.2"

[dependencies.git]
repo = "https://github.com/tttmmmyyyy/fixlang-math.git"
rev = "ea7ee41420c8531786d20ccb6ca93f23b0a828c9"

[[dependencies]]
name = "minilib-text"
version = "0.1.0"
path = ".fixlang/deps/minilib-text_0.1.0"

[dependencies.git]
repo = "https://github.com/pt9999/fixlang-minilib-text.git"
rev = "9fd6aa5af7a93539266e21c846afec913241fd35"

[[dependencies]]
name = "minilib-monad"
version = "0.1.0"
path = ".fixlang/deps/minilib-monad_0.1.0"

[dependencies.git]
repo = "https://github.com/pt9999/fixlang-minilib-monad.git"
rev = "e9aa526acc0c4ac27edbdd49608d346980a2f87b"

[[dependencies]]
name = "hashmap"
version = "0.1.1"
path = ".fixlang/deps/hashmap_0.1.1"

[dependencies.git]
repo = "https://github.com/tttmmmyyyy/fixlang-hashmap.git"
rev = "6d15089dd991ed2f4175104364c43297c73456fc"

[[dependencies]]
name = "hash"
version = "0.1.0"
path = ".fixlang/deps/hash_0.1.0"

[dependencies.git]
repo = "https://github.com/tttmmmyyyy/fixlang-hash.git"
rev = "0e05f132ebc9420759a789fcd9e1afa739769c39"
