proj_file_hash = "391871e54c1412d251356cd157addd24"

[[dependencies]]
name = "minilib-math"
version = "0.1.0"
path = ".fixlang/deps/minilib-math_0.1.0"

[dependencies.git]
repo = "https://github.com/pt9999/fixlang-minilib-math.git"
rev = "3d0e54f7c02d237ca50fcd03deaf3e7ab34cab79"

[[dependencies]]
name = "minilib-common"
version = "0.1.1"
path = ".fixlang/deps/minilib-common_0.1.1"

[dependencies.git]
repo = "https://github.com/pt9999/fixlang-minilib-common.git"
rev = "dc5748f90c98474905c6fa09e9472b2716100c40"

[[dependencies]]
name = "character"
version = "0.1.1"
path = ".fixlang/deps/character_0.1.1"

[dependencies.git]
repo = "https://github.com/tttmmmyyyy/fixlang-character.git"
rev = "1246b12007cbbb808ec3888a52e96ef762efbe52"

[[dependencies]]
name = "time"
version = "0.2.1"
path = ".fixlang/deps/time_0.2.1"

[dependencies.git]
repo = "https://github.com/tttmmmyyyy/fixlang-time.git"
rev = "4c24189d9827d56de6e7f86dc84201de06bc1908"

[[dependencies]]
name = "random"
version = "0.1.1"
path = ".fixlang/deps/random_0.1.1"

[dependencies.git]
repo = "https://github.com/tttmmmyyyy/fixlang-random.git"
rev = "3fd362bddf4592fef854a2b700836e17c1f5b30b"

[[dependencies]]
name = "minilib-binary"
version = "0.1.0"
path = ".fixlang/deps/minilib-binary_0.1.0"

[dependencies.git]
repo = "https://github.com/pt9999/fixlang-minilib-binary.git"
rev = "fe50f000807a69ff67f9391bdb96f1ad09e1ec72"

[[dependencies]]
name = "math"
version = "0.1.2"
path = ".fixlang/deps/math_0.1.2"

[dependencies.git]
repo = "https://github.com/tttmmmyyyy/fixlang-math.git"
rev = "88b953a6cf3bdf9d1dcada069c089edae6bc8d0c"

[[dependencies]]
name = "minilib-text"
version = "0.1.0"
path = ".fixlang/deps/minilib-text_0.1.0"

[dependencies.git]
repo = "https://github.com/pt9999/fixlang-minilib-text.git"
rev = "cf23e81a7449c9c05fc094862bcca92317e466c4"

[[dependencies]]
name = "minilib-monad"
version = "0.1.0"
path = ".fixlang/deps/minilib-monad_0.1.0"

[dependencies.git]
repo = "https://github.com/pt9999/fixlang-minilib-monad.git"
rev = "1080cef6848bc554b38d87a82a7c636d864ef342"

[[dependencies]]
name = "hashmap"
version = "0.1.1"
path = ".fixlang/deps/hashmap_0.1.1"

[dependencies.git]
repo = "https://github.com/tttmmmyyyy/fixlang-hashmap.git"
rev = "50e401d24a4a70e4c1296df1f34f52addb7666ff"

[[dependencies]]
name = "hash"
version = "0.1.0"
path = ".fixlang/deps/hash_0.1.0"

[dependencies.git]
repo = "https://github.com/tttmmmyyyy/fixlang-hash.git"
rev = "0e05f132ebc9420759a789fcd9e1afa739769c39"
