proj_file_hash = "b964ae7d5dfc9267f277ccb185a16473"

[[dependencies]]
name = "minilib-math"
version = "0.1.6"
path = ".fixlang/deps/minilib-math_0.1.6"

[dependencies.git]
repo = "https://github.com/pt9999/fixlang-minilib-math.git"
rev = "e89d7d6c56c317be54e131abf3e947bcce5c15c2"

[[dependencies]]
name = "minilib-common"
version = "0.1.5"
path = ".fixlang/deps/minilib-common_0.1.5"

[dependencies.git]
repo = "https://github.com/pt9999/fixlang-minilib-common.git"
rev = "6828c6fb49511640162a672d55730bf6c93a32e8"

[[dependencies]]
name = "character"
version = "1.0.0"
path = ".fixlang/deps/character_1.0.0"

[dependencies.git]
repo = "https://github.com/tttmmmyyyy/fixlang-character.git"
rev = "13e128d2b87a729c4e73d986994a5cedcf3e8f49"

[[dependencies]]
name = "time"
version = "1.0.0"
path = ".fixlang/deps/time_1.0.0"

[dependencies.git]
repo = "https://github.com/tttmmmyyyy/fixlang-time.git"
rev = "0df92cf1c3ffc148d658c1a554c94105aef13520"

[[dependencies]]
name = "random"
version = "1.0.0"
path = ".fixlang/deps/random_1.0.0"

[dependencies.git]
repo = "https://github.com/tttmmmyyyy/fixlang-random.git"
rev = "b802af50726199a6dc815bef1cc64075cd4cbd2d"

[[dependencies]]
name = "minilib-binary"
version = "0.1.5"
path = ".fixlang/deps/minilib-binary_0.1.5"

[dependencies.git]
repo = "https://github.com/pt9999/fixlang-minilib-binary.git"
rev = "a71138c2b1663f8aeba60c92b1f746a301443aad"

[[dependencies]]
name = "math"
version = "1.0.0"
path = ".fixlang/deps/math_1.0.0"

[dependencies.git]
repo = "https://github.com/tttmmmyyyy/fixlang-math.git"
rev = "6b1c3810d49d0291c2a800f783be38138cf4381d"

[[dependencies]]
name = "minilib-text"
version = "0.1.4"
path = ".fixlang/deps/minilib-text_0.1.4"

[dependencies.git]
repo = "https://github.com/pt9999/fixlang-minilib-text.git"
rev = "438e214426e173f60cbd5d2608ba12d04607e834"

[[dependencies]]
name = "hashmap"
version = "1.0.0"
path = ".fixlang/deps/hashmap_1.0.0"

[dependencies.git]
repo = "https://github.com/tttmmmyyyy/fixlang-hashmap.git"
rev = "57b578c24738d6a5d19bb60a1705edec321485ff"

[[dependencies]]
name = "hash"
version = "1.0.0"
path = ".fixlang/deps/hash_1.0.0"

[dependencies.git]
repo = "https://github.com/tttmmmyyyy/fixlang-hash.git"
rev = "4b2f01c2d7309447fe7cd68a8d105ae86e2bde97"

[[dependencies]]
name = "minilib-monad"
version = "0.2.0"
path = ".fixlang/deps/minilib-monad_0.2.0"

[dependencies.git]
repo = "https://github.com/pt9999/fixlang-minilib-monad.git"
rev = "c0fcf93f1b4770be4cda4523e44f50f44d5e0a08"
