proj_file_hash = "4eb7c9c1090e4b53d06dd1a5056eb9f8"

[[dependencies]]
name = "minilib-common"
version = "0.1.2"
path = ".fixlang/deps/minilib-common_0.1.2"

[dependencies.git]
repo = "https://github.com/pt9999/fixlang-minilib-common.git"
rev = "774e6c8781af3281a4f27a1583b620f474375e52"

[[dependencies]]
name = "character"
version = "0.1.1"
path = ".fixlang/deps/character_0.1.1"

[dependencies.git]
repo = "https://github.com/tttmmmyyyy/fixlang-character.git"
rev = "c72c2ca5c8052e21200633dea1fff53c945d8799"

[[dependencies]]
name = "time"
version = "0.2.5"
path = ".fixlang/deps/time_0.2.5"

[dependencies.git]
repo = "https://github.com/tttmmmyyyy/fixlang-time.git"
rev = "0344c52dc73d9ffe556387ed94077c0fab623296"

[[dependencies]]
name = "random"
version = "0.1.1"
path = ".fixlang/deps/random_0.1.1"

[dependencies.git]
repo = "https://github.com/tttmmmyyyy/fixlang-random.git"
rev = "b77979767813d7cabff93e36c7516a8f8f8e90de"

[[dependencies]]
name = "minilib-io"
version = "0.2.3"
path = ".fixlang/deps/minilib-io_0.2.3"

[dependencies.git]
repo = "https://github.com/pt9999/fixlang-minilib-io.git"
rev = "50425b9a3e08bbc6171c0ecdf2d57a27a4dfcdb4"

[[dependencies]]
name = "minilib-binary"
version = "0.1.3"
path = ".fixlang/deps/minilib-binary_0.1.3"

[dependencies.git]
repo = "https://github.com/pt9999/fixlang-minilib-binary.git"
rev = "d3dca4ce12b2add1a8448f1f78ce93cd11433a0b"

[[dependencies]]
name = "minilib-collection"
version = "0.1.2"
path = ".fixlang/deps/minilib-collection_0.1.2"

[dependencies.git]
repo = "https://github.com/pt9999/fixlang-minilib-collection.git"
rev = "a0df40ad7c1b5c892e60a8b6013325abef288f8c"

[[dependencies]]
name = "hashmap"
version = "0.1.1"
path = ".fixlang/deps/hashmap_0.1.1"

[dependencies.git]
repo = "https://github.com/tttmmmyyyy/fixlang-hashmap.git"
rev = "6d15089dd991ed2f4175104364c43297c73456fc"

[[dependencies]]
name = "hash"
version = "0.1.0"
path = ".fixlang/deps/hash_0.1.0"

[dependencies.git]
repo = "https://github.com/tttmmmyyyy/fixlang-hash.git"
rev = "0e05f132ebc9420759a789fcd9e1afa739769c39"

[[dependencies]]
name = "asynctask"
version = "0.2.10"
path = ".fixlang/deps/asynctask_0.2.10"

[dependencies.git]
repo = "https://github.com/tttmmmyyyy/fixlang-asynctask.git"
rev = "a5876e1e314971f0f05b54dc9938f0326c34fa9c"

[[dependencies]]
name = "minilib-monad"
version = "0.1.2"
path = ".fixlang/deps/minilib-monad_0.1.2"

[dependencies.git]
repo = "https://github.com/pt9999/fixlang-minilib-monad.git"
rev = "783b91c95fa5afcc411f4aaaa97c966904232fbb"
