proj_file_hash = "7f3cdea63028c4408f7f4c5c1ef5345f"

[[dependencies]]
name = "minilib-collection"
version = "0.5.1"
path = ".fixlang/deps/minilib-collection_0.5.1"

[dependencies.git]
repo = "https://github.com/pt9999/fixlang-minilib-collection.git"
rev = "84dae9ea01f9c67107cf8c7f1d67be1afeb69881"

[[dependencies]]
name = "hashmap"
version = "1.1.2"
path = ".fixlang/deps/hashmap_1.1.2"

[dependencies.git]
repo = "https://github.com/tttmmmyyyy/fixlang-hashmap.git"
rev = "33da33ecb5d95d45c29feaeee5dea454fecc89b9"

[[dependencies]]
name = "hash"
version = "1.0.1"
path = ".fixlang/deps/hash_1.0.1"

[dependencies.git]
repo = "https://github.com/tttmmmyyyy/fixlang-hash.git"
rev = "abff072996c8c62d0c130201126b67f1e2dad405"

[[dependencies]]
name = "random"
version = "1.1.1"
path = ".fixlang/deps/random_1.1.1"

[dependencies.git]
repo = "https://github.com/tttmmmyyyy/fixlang-random.git"
rev = "b4f83ee48564e714c0918513dd431f9135493dce"

[[dependencies]]
name = "minilib-common"
version = "0.6.0"
path = ".fixlang/deps/minilib-common_0.6.0"

[dependencies.git]
repo = "https://github.com/pt9999/fixlang-minilib-common.git"
rev = "95079f8eabbb13ef8ce472a319ca22d242ffb481"

[[dependencies]]
name = "character"
version = "1.0.1"
path = ".fixlang/deps/character_1.0.1"

[dependencies.git]
repo = "https://github.com/tttmmmyyyy/fixlang-character.git"
rev = "fd75a6634ec0c919f2d1703112d25da9a3c2346e"

[[dependencies]]
name = "time"
version = "1.0.1"
path = ".fixlang/deps/time_1.0.1"

[dependencies.git]
repo = "https://github.com/tttmmmyyyy/fixlang-time.git"
rev = "53b35d9adc0de54ad87fe6b06c4baa6afa38a2b4"

[[dependencies]]
name = "minilib-io"
version = "0.6.1"
path = ".fixlang/deps/minilib-io_0.6.1"

[dependencies.git]
repo = "https://github.com/pt9999/fixlang-minilib-io.git"
rev = "a4ae19b68fd2433d376fe135d44b1126a8f5fe91"

[[dependencies]]
name = "asynctask"
version = "1.1.1"
path = ".fixlang/deps/asynctask_1.1.1"

[dependencies.git]
repo = "https://github.com/tttmmmyyyy/fixlang-asynctask.git"
rev = "3503235c2dc926d2ae2a937a338752b28ef6770f"

[[dependencies]]
name = "minilib-binary"
version = "0.5.1"
path = ".fixlang/deps/minilib-binary_0.5.1"

[dependencies.git]
repo = "https://github.com/pt9999/fixlang-minilib-binary.git"
rev = "d920c72f6db5f2cc1fe3f78c29ca6d9152c887f7"

[[dependencies]]
name = "minilib-monad"
version = "0.5.1"
path = ".fixlang/deps/minilib-monad_0.5.1"

[dependencies.git]
repo = "https://github.com/pt9999/fixlang-minilib-monad.git"
rev = "b1273c8551d8830787f4057b28853bbb7b64977d"
