proj_file_hash = "53f6f21d07263eae622a5bd19e3a6b65"

[[dependencies]]
name = "character"
version = "1.0.1"
path = ".fixlang/deps/character_1.0.1"

[dependencies.git]
repo = "https://github.com/tttmmmyyyy/fixlang-character.git"
rev = "fd75a6634ec0c919f2d1703112d25da9a3c2346e"

[[dependencies]]
name = "hash"
version = "1.1.1"
path = ".fixlang/deps/hash_1.1.1"

[dependencies.git]
repo = "https://github.com/tttmmmyyyy/fixlang-hash.git"
rev = "145a20913eb9c280edd616d5b9977d33303343c1"

[[dependencies]]
name = "hashmap"
version = "1.1.4"
path = ".fixlang/deps/hashmap_1.1.4"

[dependencies.git]
repo = "https://github.com/tttmmmyyyy/fixlang-hashmap.git"
rev = "dd5d159216905fccdf4a01944c088f9064f5640b"

[[dependencies]]
name = "minilib-binary"
version = "0.6.0"
path = ".fixlang/deps/minilib-binary_0.6.0"

[dependencies.git]
repo = "https://github.com/pt9999/fixlang-minilib-binary.git"
rev = "68b80a76753853bab4b6cbb88aea8bc716e80c05"

[[dependencies]]
name = "minilib-common"
version = "0.12.1"
path = ".fixlang/deps/minilib-common_0.12.1"

[dependencies.git]
repo = "https://github.com/pt9999/fixlang-minilib-common.git"
rev = "3132a3c407961446cebae3a8ef789c1b72d5c5ac"

[[dependencies]]
name = "minilib-io"
version = "0.8.1"
path = ".fixlang/deps/minilib-io_0.8.1"

[dependencies.git]
repo = "https://github.com/pt9999/fixlang-minilib-io.git"
rev = "7c81f304789bf1f6b15d01f5a6d01be98f5a2e5c"

[[dependencies]]
name = "minilib-monad"
version = "0.11.0"
path = ".fixlang/deps/minilib-monad_0.11.0"

[dependencies.git]
repo = "https://github.com/pt9999/fixlang-minilib-monad.git"
rev = "83d2ef1abe65fd1be87b50d8c7fa00ba5c574a53"

[[dependencies]]
name = "random"
version = "1.1.1"
path = ".fixlang/deps/random_1.1.1"

[dependencies.git]
repo = "https://github.com/tttmmmyyyy/fixlang-random.git"
rev = "b4f83ee48564e714c0918513dd431f9135493dce"

[[dependencies]]
name = "subprocess"
version = "1.0.7"
path = ".fixlang/deps/subprocess_1.0.7"

[dependencies.git]
repo = "https://github.com/tttmmmyyyy/fixlang-subprocess.git"
rev = "68f84481b864abdbe01a5964e1f798dc44d9dfa5"

[[dependencies]]
name = "time"
version = "1.0.2"
path = ".fixlang/deps/time_1.0.2"

[dependencies.git]
repo = "https://github.com/tttmmmyyyy/fixlang-time.git"
rev = "7af8a5c115e7437f94dcb4353807c03d816856f6"
