proj_file_hash = "59889e8890e46f967e102e6ea76961c8"

[[dependencies]]
name = "character"
version = "1.0.1"
path = ".fixlang/deps/character_1.0.1"

[dependencies.git]
repo = "https://github.com/tttmmmyyyy/fixlang-character.git"
rev = "fd75a6634ec0c919f2d1703112d25da9a3c2346e"

[[dependencies]]
name = "hash"
version = "1.1.1"
path = ".fixlang/deps/hash_1.1.1"

[dependencies.git]
repo = "https://github.com/tttmmmyyyy/fixlang-hash.git"
rev = "145a20913eb9c280edd616d5b9977d33303343c1"

[[dependencies]]
name = "hashmap"
version = "1.1.4"
path = ".fixlang/deps/hashmap_1.1.4"

[dependencies.git]
repo = "https://github.com/tttmmmyyyy/fixlang-hashmap.git"
rev = "dd5d159216905fccdf4a01944c088f9064f5640b"

[[dependencies]]
name = "minilib-common"
version = "0.12.3"
path = ".fixlang/deps/minilib-common_0.12.3"

[dependencies.git]
repo = "https://github.com/pt9999/fixlang-minilib-common.git"
rev = "e3751a7443234275c64bf6aafb2645c26f9363a1"

[[dependencies]]
name = "minilib-comonad"
version = "0.6.1"
path = ".fixlang/deps/minilib-comonad_0.6.1"

[dependencies.git]
repo = "https://github.com/pt9999/fixlang-minilib-comonad.git"
rev = "08d281a2ffff24d9f533a1bd142d9db9363715da"

[[dependencies]]
name = "minilib-monad"
version = "0.11.0"
path = ".fixlang/deps/minilib-monad_0.11.0"

[dependencies.git]
repo = "https://github.com/pt9999/fixlang-minilib-monad.git"
rev = "83d2ef1abe65fd1be87b50d8c7fa00ba5c574a53"

[[dependencies]]
name = "time"
version = "1.0.2"
path = ".fixlang/deps/time_1.0.2"

[dependencies.git]
repo = "https://github.com/tttmmmyyyy/fixlang-time.git"
rev = "7af8a5c115e7437f94dcb4353807c03d816856f6"
