proj_file_hash = "5d5d934edc21e3706ea36742e508f4eb"

[[dependencies]]
name = "minilib-common"
version = "0.1.1"
path = ".fixlang/deps/minilib-common_0.1.1"

[dependencies.git]
repo = "https://github.com/pt9999/fixlang-minilib-common.git"
rev = "10f1ac77347f1adb5c1cdaeec62983590b148642"

[[dependencies]]
name = "character"
version = "0.1.1"
path = ".fixlang/deps/character_0.1.1"

[dependencies.git]
repo = "https://github.com/tttmmmyyyy/fixlang-character.git"
rev = "c72c2ca5c8052e21200633dea1fff53c945d8799"

[[dependencies]]
name = "time"
version = "0.2.4"
path = ".fixlang/deps/time_0.2.4"

[dependencies.git]
repo = "https://github.com/tttmmmyyyy/fixlang-time.git"
rev = "e64401e0c48c8fe7777e9ad2ecea76dd0a02848b"

[[dependencies]]
name = "random"
version = "0.1.1"
path = ".fixlang/deps/random_0.1.1"

[dependencies.git]
repo = "https://github.com/tttmmmyyyy/fixlang-random.git"
rev = "b77979767813d7cabff93e36c7516a8f8f8e90de"

[[dependencies]]
name = "minilib-monad"
version = "0.1.0"
path = ".fixlang/deps/minilib-monad_0.1.0"

[dependencies.git]
repo = "https://github.com/pt9999/fixlang-minilib-monad.git"
rev = "e9aa526acc0c4ac27edbdd49608d346980a2f87b"

[[dependencies]]
name = "hash"
version = "0.1.0"
path = ".fixlang/deps/hash_0.1.0"

[dependencies.git]
repo = "https://github.com/tttmmmyyyy/fixlang-hash.git"
rev = "0e05f132ebc9420759a789fcd9e1afa739769c39"

[[dependencies]]
name = "hashmap"
version = "0.1.1"
path = ".fixlang/deps/hashmap_0.1.1"

[dependencies.git]
repo = "https://github.com/tttmmmyyyy/fixlang-hashmap.git"
rev = "6d15089dd991ed2f4175104364c43297c73456fc"

[[dependencies]]
name = "minilib-comonad"
version = "0.1.0"
path = ".fixlang/deps/minilib-comonad_0.1.0"

[dependencies.git]
repo = "https://github.com/pt9999/fixlang-minilib-comonad.git"
rev = "075716ffa977a50efc75788d12eed6d8796048a5"
