proj_file_hash = "3926d98665b93a13585ab8e8e5ce94de"

[[dependencies]]
name = "asynctask"
version = "1.1.5"
path = ".fixlang/deps/asynctask_1.1.5"

[dependencies.git]
repo = "https://github.com/tttmmmyyyy/fixlang-asynctask.git"
rev = "a18fb87a2e47cc19cf263a4311704e88880dc2c8"

[[dependencies]]
name = "character"
version = "1.0.1"
path = ".fixlang/deps/character_1.0.1"

[dependencies.git]
repo = "https://github.com/tttmmmyyyy/fixlang-character.git"
rev = "fd75a6634ec0c919f2d1703112d25da9a3c2346e"

[[dependencies]]
name = "hash"
version = "1.1.1"
path = ".fixlang/deps/hash_1.1.1"

[dependencies.git]
repo = "https://github.com/tttmmmyyyy/fixlang-hash.git"
rev = "145a20913eb9c280edd616d5b9977d33303343c1"

[[dependencies]]
name = "hashmap"
version = "1.1.4"
path = ".fixlang/deps/hashmap_1.1.4"

[dependencies.git]
repo = "https://github.com/tttmmmyyyy/fixlang-hashmap.git"
rev = "dd5d159216905fccdf4a01944c088f9064f5640b"

[[dependencies]]
name = "minilib-app"
version = "0.7.1"
path = ".fixlang/deps/minilib-app_0.7.1"

[dependencies.git]
repo = "https://github.com/pt9999/fixlang-minilib-app.git"
rev = "cd733a9f64bdc36388d7ccaf835524bcf1ee8af4"

[[dependencies]]
name = "minilib-binary"
version = "0.6.1"
path = ".fixlang/deps/minilib-binary_0.6.1"

[dependencies.git]
repo = "https://github.com/pt9999/fixlang-minilib-binary.git"
rev = "34535107f07cd15ebc99e9b8377433988d692ea9"

[[dependencies]]
name = "minilib-common"
version = "0.12.3"
path = ".fixlang/deps/minilib-common_0.12.3"

[dependencies.git]
repo = "https://github.com/pt9999/fixlang-minilib-common.git"
rev = "e3751a7443234275c64bf6aafb2645c26f9363a1"

[[dependencies]]
name = "minilib-io"
version = "0.8.1"
path = ".fixlang/deps/minilib-io_0.8.1"

[dependencies.git]
repo = "https://github.com/pt9999/fixlang-minilib-io.git"
rev = "7c81f304789bf1f6b15d01f5a6d01be98f5a2e5c"

[[dependencies]]
name = "minilib-monad"
version = "0.11.0"
path = ".fixlang/deps/minilib-monad_0.11.0"

[dependencies.git]
repo = "https://github.com/pt9999/fixlang-minilib-monad.git"
rev = "83d2ef1abe65fd1be87b50d8c7fa00ba5c574a53"

[[dependencies]]
name = "regexp"
version = "1.1.1"
path = ".fixlang/deps/regexp_1.1.1"

[dependencies.git]
repo = "https://github.com/tttmmmyyyy/fixlang-regexp.git"
rev = "b8b024a40385d6825d0b84b61fe540e1a92c20ec"

[[dependencies]]
name = "subprocess"
version = "1.0.7"
path = ".fixlang/deps/subprocess_1.0.7"

[dependencies.git]
repo = "https://github.com/tttmmmyyyy/fixlang-subprocess.git"
rev = "68f84481b864abdbe01a5964e1f798dc44d9dfa5"

[[dependencies]]
name = "time"
version = "1.0.2"
path = ".fixlang/deps/time_1.0.2"

[dependencies.git]
repo = "https://github.com/tttmmmyyyy/fixlang-time.git"
rev = "7af8a5c115e7437f94dcb4353807c03d816856f6"
