proj_file_hash = "366899ce1b96ccabd89b17e8988dc716"

[[dependencies]]
name = "minilib-common"
version = "0.1.0"
path = "../fixlang-minilib-common"

[[dependencies]]
name = "character"
version = "0.1.0"
path = ".fixlang/deps/character_0.1.0"

[dependencies.git]
repo = "https://github.com/tttmmmyyyy/fixlang-character.git"
rev = "b52fdfe8f6c0d4470e90da0ff0c83d4ffa06b38e"

[[dependencies]]
name = "time"
version = "0.1.0"
path = ".fixlang/deps/time_0.1.0"

[dependencies.git]
repo = "https://github.com/tttmmmyyyy/fixlang-time.git"
rev = "0e290ebe9a23838298243e72b09e181ff9a99386"

[[dependencies]]
name = "random"
version = "0.1.0"
path = ".fixlang/deps/random_0.1.0"

[dependencies.git]
repo = "https://github.com/tttmmmyyyy/fixlang-random.git"
rev = "757b0f69fc5d508cc4a1b2dea524160f8e666eb9"

[[dependencies]]
name = "minilib-text"
version = "0.1.0"
path = "../fixlang-minilib-text"

[[dependencies]]
name = "minilib-binary"
version = "0.1.0"
path = "../fixlang-minilib-binary"
