proj_file_hash = "0dcb69da981d8a3d6c22ecda0e7d885b"

[[dependencies]]
name = "asynctask"
version = "1.1.5"
path = ".fixlang/deps/asynctask_1.1.5"

[dependencies.git]
repo = "https://github.com/tttmmmyyyy/fixlang-asynctask.git"
rev = "a18fb87a2e47cc19cf263a4311704e88880dc2c8"

[[dependencies]]
name = "character"
version = "1.0.1"
path = ".fixlang/deps/character_1.0.1"

[dependencies.git]
repo = "https://github.com/tttmmmyyyy/fixlang-character.git"
rev = "fd75a6634ec0c919f2d1703112d25da9a3c2346e"

[[dependencies]]
name = "hash"
version = "1.1.2"
path = ".fixlang/deps/hash_1.1.2"

[dependencies.git]
repo = "https://github.com/tttmmmyyyy/fixlang-hash.git"
rev = "dbf95379b6ee7b26ec4858116f24c0251467cb83"

[[dependencies]]
name = "hashmap"
version = "2.0.1"
path = ".fixlang/deps/hashmap_2.0.1"

[dependencies.git]
repo = "https://github.com/tttmmmyyyy/fixlang-hashmap.git"
rev = "103595c593e92849be0b23df5cfee254da274a3e"

[[dependencies]]
name = "minilib-binary"
version = "0.6.4"
path = ".fixlang/deps/minilib-binary_0.6.4"

[dependencies.git]
repo = "https://github.com/pt9999/fixlang-minilib-binary.git"
rev = "3f4db9b7d323246b16648459efddda05db9e426a"

[[dependencies]]
name = "minilib-common"
version = "0.13.3"
path = ".fixlang/deps/minilib-common_0.13.3"

[dependencies.git]
repo = "https://github.com/pt9999/fixlang-minilib-common.git"
rev = "3de246b7bb012d8794d451a0490a0ffd4f667e1d"

[[dependencies]]
name = "minilib-io"
version = "0.8.5"
path = ".fixlang/deps/minilib-io_0.8.5"

[dependencies.git]
repo = "https://github.com/pt9999/fixlang-minilib-io.git"
rev = "01ebb6b73e298c7274f88f3bc786935de8958027"

[[dependencies]]
name = "minilib-monad"
version = "0.11.5"
path = ".fixlang/deps/minilib-monad_0.11.5"

[dependencies.git]
repo = "https://github.com/pt9999/fixlang-minilib-monad.git"
rev = "15d4f78afdfb16889a54b895a9545a2e24e01678"

[[dependencies]]
name = "minilib-thread"
version = "0.7.3"
path = ".fixlang/deps/minilib-thread_0.7.3"

[dependencies.git]
repo = "https://github.com/pt9999/fixlang-minilib-thread.git"
rev = "3bf3dccc5d89d088a367684200c80e57308d6b38"

[[dependencies]]
name = "random"
version = "1.1.2"
path = ".fixlang/deps/random_1.1.2"

[dependencies.git]
repo = "https://github.com/tttmmmyyyy/fixlang-random.git"
rev = "af8b2ea3f4fb783d86119d1a2504a12d8f2be2c1"

[[dependencies]]
name = "ring-buffer"
version = "0.1.2"
path = ".fixlang/deps/ring-buffer_0.1.2"

[dependencies.git]
repo = "https://github.com/tttmmmyyyy/ring-buffer.git"
rev = "fa520558c0ae040eff99896a743a0e2820748c5e"

[[dependencies]]
name = "subprocess"
version = "1.1.2"
path = ".fixlang/deps/subprocess_1.1.2"

[dependencies.git]
repo = "https://github.com/tttmmmyyyy/fixlang-subprocess.git"
rev = "8015f4ce7eeff4e00b001c9b96680e9e904f736b"

[[dependencies]]
name = "time"
version = "1.1.0"
path = ".fixlang/deps/time_1.1.0"

[dependencies.git]
repo = "https://github.com/tttmmmyyyy/fixlang-time.git"
rev = "e9548828dd4926db00b1b0c3d387eaff60a5451d"
