proj_file_hash = "e8d63644cabff8d00cd63757f25853ac"

[[dependencies]]
name = "binary-heap"
version = "0.1.0"
path = ".fixlang/deps/binary-heap_0.1.0"

[dependencies.git]
repo = "https://github.com/tttmmmyyyy/fixlang-binary-heap.git"
rev = "3e1bc10fbda16ec0a49ac6fd25c00851cf5234b5"

[[dependencies]]
name = "minilib-common"
version = "0.3.4"
path = ".fixlang/deps/minilib-common_0.3.4"

[dependencies.git]
repo = "https://github.com/pt9999/fixlang-minilib-common.git"
rev = "274b1b568143158b11836dfb690deb5ab632ec09"

[[dependencies]]
name = "character"
version = "1.0.0"
path = ".fixlang/deps/character_1.0.0"

[dependencies.git]
repo = "https://github.com/tttmmmyyyy/fixlang-character.git"
rev = "13e128d2b87a729c4e73d986994a5cedcf3e8f49"

[[dependencies]]
name = "time"
version = "1.0.0"
path = ".fixlang/deps/time_1.0.0"

[dependencies.git]
repo = "https://github.com/tttmmmyyyy/fixlang-time.git"
rev = "0df92cf1c3ffc148d658c1a554c94105aef13520"
