proj_file_hash = "150e0d3627875851b13c2994e3b39e2a"

[[dependencies]]
name = "character"
version = "1.0.1"
path = ".fixlang/deps/character_1.0.1"

[dependencies.git]
repo = "https://github.com/tttmmmyyyy/fixlang-character.git"
rev = "fd75a6634ec0c919f2d1703112d25da9a3c2346e"

[[dependencies]]
name = "minilib-common"
version = "0.12.1"
path = ".fixlang/deps/minilib-common_0.12.1"

[dependencies.git]
repo = "https://github.com/pt9999/fixlang-minilib-common.git"
rev = "3132a3c407961446cebae3a8ef789c1b72d5c5ac"

[[dependencies]]
name = "minilib-text"
version = "0.8.0"
path = ".fixlang/deps/minilib-text_0.8.0"

[dependencies.git]
repo = "https://github.com/pt9999/fixlang-minilib-text.git"
rev = "dd858579b308ec514c8d9dcd3b72041646d9ae3b"

[[dependencies]]
name = "time"
version = "1.0.2"
path = ".fixlang/deps/time_1.0.2"

[dependencies.git]
repo = "https://github.com/tttmmmyyyy/fixlang-time.git"
rev = "7af8a5c115e7437f94dcb4353807c03d816856f6"
