proj_file_hash = "d23caa4eecca2de4933f4e4be1d9e752"

[[dependencies]]
name = "character"
version = "1.0.1"
path = ".fixlang/deps/character_1.0.1"

[dependencies.git]
repo = "https://github.com/tttmmmyyyy/fixlang-character.git"
rev = "fd75a6634ec0c919f2d1703112d25da9a3c2346e"

[[dependencies]]
name = "hash"
version = "1.1.2"
path = ".fixlang/deps/hash_1.1.2"

[dependencies.git]
repo = "https://github.com/tttmmmyyyy/fixlang-hash.git"
rev = "dbf95379b6ee7b26ec4858116f24c0251467cb83"

[[dependencies]]
name = "hashmap"
version = "2.0.1"
path = ".fixlang/deps/hashmap_2.0.1"

[dependencies.git]
repo = "https://github.com/tttmmmyyyy/fixlang-hashmap.git"
rev = "103595c593e92849be0b23df5cfee254da274a3e"

[[dependencies]]
name = "minilib-common"
version = "0.13.3"
path = ".fixlang/deps/minilib-common_0.13.3"

[dependencies.git]
repo = "https://github.com/pt9999/fixlang-minilib-common.git"
rev = "3de246b7bb012d8794d451a0490a0ffd4f667e1d"

[[dependencies]]
name = "minilib-text"
version = "0.9.4"
path = ".fixlang/deps/minilib-text_0.9.4"

[dependencies.git]
repo = "https://github.com/pt9999/fixlang-minilib-text.git"
rev = "3005ff49fd58ab3496a5f340d1ba8908154dd62a"

[[dependencies]]
name = "time"
version = "1.1.0"
path = ".fixlang/deps/time_1.1.0"

[dependencies.git]
repo = "https://github.com/tttmmmyyyy/fixlang-time.git"
rev = "e9548828dd4926db00b1b0c3d387eaff60a5451d"
