proj_file_hash = "323cba023f5d165200b6cfed1a8906a3"

[[dependencies]]
name = "time"
version = "1.0.2"
path = ".fixlang/deps/time_1.0.2"

[dependencies.git]
repo = "https://github.com/tttmmmyyyy/fixlang-time.git"
rev = "7af8a5c115e7437f94dcb4353807c03d816856f6"

[[dependencies]]
name = "math"
version = "1.2.0"
path = ".fixlang/deps/math_1.2.0"

[dependencies.git]
repo = "https://github.com/tttmmmyyyy/fixlang-math.git"
rev = "663bdee5f5ee2824e9e139cfdb097d6e56a4b1bb"

[[dependencies]]
name = "misc-algos"
version = "0.7.3"
path = ".fixlang/deps/misc-algos_0.7.3"

[dependencies.git]
repo = "https://github.com/tttmmmyyyy/fixlang-misc-algos.git"
rev = "7689c1c4fdcc0f543ecf782fa318c47918d4417e"

[[dependencies]]
name = "binary-heap"
version = "0.1.2"
path = ".fixlang/deps/binary-heap_0.1.2"

[dependencies.git]
repo = "https://github.com/tttmmmyyyy/fixlang-binary-heap.git"
rev = "093ce8030a9221a844656743dacecadb6f3ec923"

[[dependencies]]
name = "funim"
version = "0.4.4"
path = ".fixlang/deps/funim_0.4.4"

[dependencies.git]
repo = "https://github.com/tttmmmyyyy/fixlang-canim.git"
rev = "020fc876b399432bc031a8e3a7dfd9994b96aa13"

[[dependencies]]
name = "cairo-fix"
version = "0.2.1"
path = ".fixlang/deps/cairo-fix_0.2.1"

[dependencies.git]
repo = "https://github.com/tttmmmyyyy/fixlang-cairo.git"
rev = "a43d27c1015b30f2b25e0ba70212f2bf0f49c2b3"
