proj_file_hash = "108c09c814bae3517cf7a95cceb1a3e7"

[[dependencies]]
name = "binary-heap"
version = "0.2.0"
path = ".fixlang/deps/binary-heap_0.2.0"

[dependencies.git]
repo = "https://github.com/tttmmmyyyy/fixlang-binary-heap.git"
rev = "1ea2a2465fb42878fbace135fd7a30014b1cafab"

[[dependencies]]
name = "bool-array"
version = "0.1.1"
path = ".fixlang/deps/bool-array_0.1.1"

[dependencies.git]
repo = "https://github.com/tttmmmyyyy/bool-array.git"
rev = "608a7dfded55c6f9373347a5324c28f5ccfabbbf"

[[dependencies]]
name = "cairo-fix"
version = "0.2.4"
path = ".fixlang/deps/cairo-fix_0.2.4"

[dependencies.git]
repo = "https://github.com/tttmmmyyyy/fixlang-cairo.git"
rev = "475a47334c03b02703d81fc5901acc182e33341e"

[[dependencies]]
name = "character"
version = "1.0.1"
path = ".fixlang/deps/character_1.0.1"

[dependencies.git]
repo = "https://github.com/tttmmmyyyy/fixlang-character.git"
rev = "fd75a6634ec0c919f2d1703112d25da9a3c2346e"

[[dependencies]]
name = "ez-scripting"
version = "0.3.1"
path = ".fixlang/deps/ez-scripting_0.3.1"

[dependencies.git]
repo = "https://github.com/tttmmmyyyy/ez_scripting.git"
rev = "b6edcd04c6fd7946f4cf09266d3d7164abdf9748"

[[dependencies]]
name = "funim"
version = "0.5.7"
path = ".fixlang/deps/funim_0.5.7"

[dependencies.git]
repo = "https://github.com/tttmmmyyyy/fixlang-canim.git"
rev = "406ce78381d89e050e6c29bac7b3c430b843d955"

[[dependencies]]
name = "math"
version = "1.2.1"
path = ".fixlang/deps/math_1.2.1"

[dependencies.git]
repo = "https://github.com/tttmmmyyyy/fixlang-math.git"
rev = "f02f1493b1ac5563edded5ef36c8f7f82e512584"

[[dependencies]]
name = "minilib-common"
version = "0.12.1"
path = ".fixlang/deps/minilib-common_0.12.1"

[dependencies.git]
repo = "https://github.com/pt9999/fixlang-minilib-common.git"
rev = "3132a3c407961446cebae3a8ef789c1b72d5c5ac"

[[dependencies]]
name = "minilib-monad"
version = "0.11.0"
path = ".fixlang/deps/minilib-monad_0.11.0"

[dependencies.git]
repo = "https://github.com/pt9999/fixlang-minilib-monad.git"
rev = "83d2ef1abe65fd1be87b50d8c7fa00ba5c574a53"

[[dependencies]]
name = "minilib-random"
version = "0.7.0"
path = ".fixlang/deps/minilib-random_0.7.0"

[dependencies.git]
repo = "https://github.com/pt9999/fixlang-minilib-random.git"
rev = "fb62ec8b5a239bf18ab9fc00bf1cb55e6ad5d58b"

[[dependencies]]
name = "misc-algos"
version = "0.11.0"
path = ".fixlang/deps/misc-algos_0.11.0"

[dependencies.git]
repo = "https://github.com/tttmmmyyyy/fixlang-misc-algos.git"
rev = "2f0052a7795ec7e14d4974150be66c6e9b8d22bb"

[[dependencies]]
name = "random"
version = "1.1.1"
path = ".fixlang/deps/random_1.1.1"

[dependencies.git]
repo = "https://github.com/tttmmmyyyy/fixlang-random.git"
rev = "b4f83ee48564e714c0918513dd431f9135493dce"

[[dependencies]]
name = "ring-buffer"
version = "0.1.1"
path = ".fixlang/deps/ring-buffer_0.1.1"

[dependencies.git]
repo = "https://github.com/tttmmmyyyy/ring-buffer.git"
rev = "78e543ca1eb24737659c47fa1253f0f4e92994bf"

[[dependencies]]
name = "subprocess"
version = "1.0.7"
path = ".fixlang/deps/subprocess_1.0.7"

[dependencies.git]
repo = "https://github.com/tttmmmyyyy/fixlang-subprocess.git"
rev = "68f84481b864abdbe01a5964e1f798dc44d9dfa5"

[[dependencies]]
name = "time"
version = "1.0.2"
path = ".fixlang/deps/time_1.0.2"

[dependencies.git]
repo = "https://github.com/tttmmmyyyy/fixlang-time.git"
rev = "7af8a5c115e7437f94dcb4353807c03d816856f6"
