proj_file_hash = "d81264c7ed5857f7bc541790bff95225"

[[dependencies]]
name = "random"
version = "1.1.1"
path = ".fixlang/deps/random_1.1.1"

[dependencies.git]
repo = "https://github.com/tttmmmyyyy/fixlang-random.git"
rev = "b4f83ee48564e714c0918513dd431f9135493dce"

[[dependencies]]
name = "minilib-random"
version = "0.5.2"
path = ".fixlang/deps/minilib-random_0.5.2"

[dependencies.git]
repo = "https://github.com/pt9999/fixlang-minilib-random.git"
rev = "8f34c7afb15b09c70505c91ae9dcd36ee4bc2b24"

[[dependencies]]
name = "minilib-common"
version = "0.6.1"
path = ".fixlang/deps/minilib-common_0.6.1"

[dependencies.git]
repo = "https://github.com/pt9999/fixlang-minilib-common.git"
rev = "e1bb3f196a44834af8fced954e686e7f64ec1b59"

[[dependencies]]
name = "character"
version = "1.0.1"
path = ".fixlang/deps/character_1.0.1"

[dependencies.git]
repo = "https://github.com/tttmmmyyyy/fixlang-character.git"
rev = "fd75a6634ec0c919f2d1703112d25da9a3c2346e"

[[dependencies]]
name = "time"
version = "1.0.2"
path = ".fixlang/deps/time_1.0.2"

[dependencies.git]
repo = "https://github.com/tttmmmyyyy/fixlang-time.git"
rev = "7af8a5c115e7437f94dcb4353807c03d816856f6"

[[dependencies]]
name = "minilib-monad"
version = "0.6.0"
path = ".fixlang/deps/minilib-monad_0.6.0"

[dependencies.git]
repo = "https://github.com/pt9999/fixlang-minilib-monad.git"
rev = "4f1b67d9f4328ce6ae8ec14f38cde5b4bea1737a"

[[dependencies]]
name = "asynctask"
version = "1.1.1"
path = ".fixlang/deps/asynctask_1.1.1"

[dependencies.git]
repo = "https://github.com/tttmmmyyyy/fixlang-asynctask.git"
rev = "3503235c2dc926d2ae2a937a338752b28ef6770f"

[[dependencies]]
name = "ring-buffer"
version = "0.1.1"
path = ".fixlang/deps/ring-buffer_0.1.1"

[dependencies.git]
repo = "https://github.com/tttmmmyyyy/ring-buffer.git"
rev = "78e543ca1eb24737659c47fa1253f0f4e92994bf"

[[dependencies]]
name = "math"
version = "1.2.0"
path = ".fixlang/deps/math_1.2.0"

[dependencies.git]
repo = "https://github.com/tttmmmyyyy/fixlang-math.git"
rev = "663bdee5f5ee2824e9e139cfdb097d6e56a4b1bb"

[[dependencies]]
name = "misc-algos"
version = "0.7.3"
path = ".fixlang/deps/misc-algos_0.7.3"

[dependencies.git]
repo = "https://github.com/tttmmmyyyy/fixlang-misc-algos.git"
rev = "7689c1c4fdcc0f543ecf782fa318c47918d4417e"

[[dependencies]]
name = "binary-heap"
version = "0.1.2"
path = ".fixlang/deps/binary-heap_0.1.2"

[dependencies.git]
repo = "https://github.com/tttmmmyyyy/fixlang-binary-heap.git"
rev = "093ce8030a9221a844656743dacecadb6f3ec923"

[[dependencies]]
name = "funim"
version = "0.4.4"
path = ".fixlang/deps/funim_0.4.4"

[dependencies.git]
repo = "https://github.com/tttmmmyyyy/fixlang-canim.git"
rev = "020fc876b399432bc031a8e3a7dfd9994b96aa13"

[[dependencies]]
name = "cairo-fix"
version = "0.2.1"
path = ".fixlang/deps/cairo-fix_0.2.1"

[dependencies.git]
repo = "https://github.com/tttmmmyyyy/fixlang-cairo.git"
rev = "a43d27c1015b30f2b25e0ba70212f2bf0f49c2b3"
