proj_file_hash = "4eb7c9c1090e4b53d06dd1a5056eb9f8"

[[dependencies]]
name = "character"
version = "1.0.1"
path = ".fixlang/deps/character_1.0.1"

[dependencies.git]
repo = "https://github.com/tttmmmyyyy/fixlang-character.git"
rev = "fd75a6634ec0c919f2d1703112d25da9a3c2346e"

[[dependencies]]
name = "minilib-binary"
version = "0.6.4"
path = ".fixlang/deps/minilib-binary_0.6.4"

[dependencies.git]
repo = "https://github.com/pt9999/fixlang-minilib-binary.git"
rev = "3f4db9b7d323246b16648459efddda05db9e426a"

[[dependencies]]
name = "minilib-common"
version = "0.13.3"
path = ".fixlang/deps/minilib-common_0.13.3"

[dependencies.git]
repo = "https://github.com/pt9999/fixlang-minilib-common.git"
rev = "3de246b7bb012d8794d451a0490a0ffd4f667e1d"

[[dependencies]]
name = "minilib-io"
version = "0.8.5"
path = ".fixlang/deps/minilib-io_0.8.5"

[dependencies.git]
repo = "https://github.com/pt9999/fixlang-minilib-io.git"
rev = "01ebb6b73e298c7274f88f3bc786935de8958027"

[[dependencies]]
name = "minilib-monad"
version = "0.11.5"
path = ".fixlang/deps/minilib-monad_0.11.5"

[dependencies.git]
repo = "https://github.com/pt9999/fixlang-minilib-monad.git"
rev = "15d4f78afdfb16889a54b895a9545a2e24e01678"

[[dependencies]]
name = "time"
version = "1.1.0"
path = ".fixlang/deps/time_1.1.0"

[dependencies.git]
repo = "https://github.com/tttmmmyyyy/fixlang-time.git"
rev = "e9548828dd4926db00b1b0c3d387eaff60a5451d"
